
Microsoft Visual Studio Solution File, Format Version 12.00
# Visual Studio Version 16
VisualStudioVersion = 16.0.29215.179
MinimumVisualStudioVersion = 10.0.40219.1
Project("{8BC9CEB8-8B4A-11D0-8D11-00A0C91BC942}") = "Disk Image", "Disk Image\Disk Image.vcxproj", "{731C6EA0-1827-4197-8B56-1E41A4E6EACC}"
EndProject
Project("{8BC9CEB8-8B4A-11D0-8D11-00A0C91BC942}") = "TestArea", "TestArea\TestArea.vcxproj", "{3B9ACF5B-01E6-4EF4-8CFD-8EEEF5E0048F}"
EndProject
Project("{8BC9CEB8-8B4A-11D0-8D11-00A0C91BC942}") = "NarMinifilterDriver", "NarMinifilterDriver\NarMinifilterDriver.vcxproj", "{90C840C8-606E-4F57-B4B1-A60A7D5ACCEF}"
EndProject
Project("{8BC9CEB8-8B4A-11D0-8D11-00A0C91BC942}") = "minispy_kernel", "minispy_kernel\minispy.vcxproj", "{BB97C5A3-10A8-4979-B7CA-D33B8D8F86AF}"
EndProject
Project("{8BC9CEB8-8B4A-11D0-8D11-00A0C91BC942}") = "minispy_user", "minispy_user\minispy_user.vcxproj", "{CF307DC8-96B6-4818-AB94-4EFF2176A02B}"
EndProject
Project("{8BC9CEB8-8B4A-11D0-8D11-00A0C91BC942}") = "NarDIWrapper", "NarDIWrapper\NarDIWrapper.vcxproj", "{FFE248C9-AE73-4719-892A-692975BB6B9C}"
EndProject
Project("{FAE04EC0-301F-11D3-BF4B-00C04F79EFBC}") = "DotNetTest", "DotNetTest\DotNetTest.csproj", "{3E9E7C4C-782C-440E-AC97-76F8B8FB3146}"
	ProjectSection(ProjectDependencies) = postProject
		{FFE248C9-AE73-4719-892A-692975BB6B9C} = {FFE248C9-AE73-4719-892A-692975BB6B9C}
	EndProjectSection
EndProject
Project("{FAE04EC0-301F-11D3-BF4B-00C04F79EFBC}") = "DiskBackupGUI", "DiskBackupGUI\DiskBackupGUI.csproj", "{D20738E8-2D7A-40DD-909F-0245CB6BCF06}"
EndProject
Project("{8BC9CEB8-8B4A-11D0-8D11-00A0C91BC942}") = "OfflineTestGUI", "OfflineTestGUI\OfflineTestGUI.vcxproj", "{EEE4E91C-0C5A-4A94-89F1-366B951F4AD4}"
EndProject
Project("{FAE04EC0-301F-11D3-BF4B-00C04F79EFBC}") = "DiskBackupWpfGUI", "DiskBackupWpfGUI\DiskBackupWpfGUI.csproj", "{9A1408AC-8914-4FC1-85D4-61EBBEAF9AF2}"
EndProject
Global
	GlobalSection(SolutionConfigurationPlatforms) = preSolution
		Debug|Any CPU = Debug|Any CPU
		Debug|ARM = Debug|ARM
		Debug|ARM64 = Debug|ARM64
		Debug|x64 = Debug|x64
		Debug|x86 = Debug|x86
		Release|Any CPU = Release|Any CPU
		Release|ARM = Release|ARM
		Release|ARM64 = Release|ARM64
		Release|x64 = Release|x64
		Release|x86 = Release|x86
	EndGlobalSection
	GlobalSection(ProjectConfigurationPlatforms) = postSolution
		{731C6EA0-1827-4197-8B56-1E41A4E6EACC}.Debug|Any CPU.ActiveCfg = Debug|Win32
		{731C6EA0-1827-4197-8B56-1E41A4E6EACC}.Debug|ARM.ActiveCfg = Debug|Win32
		{731C6EA0-1827-4197-8B56-1E41A4E6EACC}.Debug|ARM64.ActiveCfg = Debug|Win32
		{731C6EA0-1827-4197-8B56-1E41A4E6EACC}.Debug|x64.ActiveCfg = Debug|x64
		{731C6EA0-1827-4197-8B56-1E41A4E6EACC}.Debug|x64.Build.0 = Debug|x64
		{731C6EA0-1827-4197-8B56-1E41A4E6EACC}.Debug|x86.ActiveCfg = Debug|Win32
		{731C6EA0-1827-4197-8B56-1E41A4E6EACC}.Debug|x86.Build.0 = Debug|Win32
		{731C6EA0-1827-4197-8B56-1E41A4E6EACC}.Release|Any CPU.ActiveCfg = Release|Win32
		{731C6EA0-1827-4197-8B56-1E41A4E6EACC}.Release|ARM.ActiveCfg = Release|Win32
		{731C6EA0-1827-4197-8B56-1E41A4E6EACC}.Release|ARM64.ActiveCfg = Release|Win32
		{731C6EA0-1827-4197-8B56-1E41A4E6EACC}.Release|x64.ActiveCfg = Release|x64
		{731C6EA0-1827-4197-8B56-1E41A4E6EACC}.Release|x64.Build.0 = Release|x64
		{731C6EA0-1827-4197-8B56-1E41A4E6EACC}.Release|x86.ActiveCfg = Release|Win32
		{731C6EA0-1827-4197-8B56-1E41A4E6EACC}.Release|x86.Build.0 = Release|Win32
		{3B9ACF5B-01E6-4EF4-8CFD-8EEEF5E0048F}.Debug|Any CPU.ActiveCfg = Debug|Win32
		{3B9ACF5B-01E6-4EF4-8CFD-8EEEF5E0048F}.Debug|ARM.ActiveCfg = Debug|Win32
		{3B9ACF5B-01E6-4EF4-8CFD-8EEEF5E0048F}.Debug|ARM64.ActiveCfg = Debug|Win32
		{3B9ACF5B-01E6-4EF4-8CFD-8EEEF5E0048F}.Debug|x64.ActiveCfg = Debug|x64
		{3B9ACF5B-01E6-4EF4-8CFD-8EEEF5E0048F}.Debug|x64.Build.0 = Debug|x64
		{3B9ACF5B-01E6-4EF4-8CFD-8EEEF5E0048F}.Debug|x86.ActiveCfg = Debug|Win32
		{3B9ACF5B-01E6-4EF4-8CFD-8EEEF5E0048F}.Debug|x86.Build.0 = Debug|Win32
		{3B9ACF5B-01E6-4EF4-8CFD-8EEEF5E0048F}.Release|Any CPU.ActiveCfg = Release|Win32
		{3B9ACF5B-01E6-4EF4-8CFD-8EEEF5E0048F}.Release|ARM.ActiveCfg = Release|Win32
		{3B9ACF5B-01E6-4EF4-8CFD-8EEEF5E0048F}.Release|ARM64.ActiveCfg = Release|Win32
		{3B9ACF5B-01E6-4EF4-8CFD-8EEEF5E0048F}.Release|x64.ActiveCfg = Release|x64
		{3B9ACF5B-01E6-4EF4-8CFD-8EEEF5E0048F}.Release|x64.Build.0 = Release|x64
		{3B9ACF5B-01E6-4EF4-8CFD-8EEEF5E0048F}.Release|x86.ActiveCfg = Release|Win32
		{3B9ACF5B-01E6-4EF4-8CFD-8EEEF5E0048F}.Release|x86.Build.0 = Release|Win32
		{90C840C8-606E-4F57-B4B1-A60A7D5ACCEF}.Debug|Any CPU.ActiveCfg = Debug|Win32
		{90C840C8-606E-4F57-B4B1-A60A7D5ACCEF}.Debug|ARM.ActiveCfg = Debug|ARM
		{90C840C8-606E-4F57-B4B1-A60A7D5ACCEF}.Debug|ARM.Build.0 = Debug|ARM
		{90C840C8-606E-4F57-B4B1-A60A7D5ACCEF}.Debug|ARM.Deploy.0 = Debug|ARM
		{90C840C8-606E-4F57-B4B1-A60A7D5ACCEF}.Debug|ARM64.ActiveCfg = Debug|ARM64
		{90C840C8-606E-4F57-B4B1-A60A7D5ACCEF}.Debug|ARM64.Build.0 = Debug|ARM64
		{90C840C8-606E-4F57-B4B1-A60A7D5ACCEF}.Debug|ARM64.Deploy.0 = Debug|ARM64
		{90C840C8-606E-4F57-B4B1-A60A7D5ACCEF}.Debug|x64.ActiveCfg = Debug|x64
		{90C840C8-606E-4F57-B4B1-A60A7D5ACCEF}.Debug|x64.Build.0 = Debug|x64
		{90C840C8-606E-4F57-B4B1-A60A7D5ACCEF}.Debug|x64.Deploy.0 = Debug|x64
		{90C840C8-606E-4F57-B4B1-A60A7D5ACCEF}.Debug|x86.ActiveCfg = Debug|Win32
		{90C840C8-606E-4F57-B4B1-A60A7D5ACCEF}.Debug|x86.Build.0 = Debug|Win32
		{90C840C8-606E-4F57-B4B1-A60A7D5ACCEF}.Debug|x86.Deploy.0 = Debug|Win32
		{90C840C8-606E-4F57-B4B1-A60A7D5ACCEF}.Release|Any CPU.ActiveCfg = Release|Win32
		{90C840C8-606E-4F57-B4B1-A60A7D5ACCEF}.Release|ARM.ActiveCfg = Release|ARM
		{90C840C8-606E-4F57-B4B1-A60A7D5ACCEF}.Release|ARM.Build.0 = Release|ARM
		{90C840C8-606E-4F57-B4B1-A60A7D5ACCEF}.Release|ARM.Deploy.0 = Release|ARM
		{90C840C8-606E-4F57-B4B1-A60A7D5ACCEF}.Release|ARM64.ActiveCfg = Release|ARM64
		{90C840C8-606E-4F57-B4B1-A60A7D5ACCEF}.Release|ARM64.Build.0 = Release|ARM64
		{90C840C8-606E-4F57-B4B1-A60A7D5ACCEF}.Release|ARM64.Deploy.0 = Release|ARM64
		{90C840C8-606E-4F57-B4B1-A60A7D5ACCEF}.Release|x64.ActiveCfg = Release|x64
		{90C840C8-606E-4F57-B4B1-A60A7D5ACCEF}.Release|x64.Build.0 = Release|x64
		{90C840C8-606E-4F57-B4B1-A60A7D5ACCEF}.Release|x64.Deploy.0 = Release|x64
		{90C840C8-606E-4F57-B4B1-A60A7D5ACCEF}.Release|x86.ActiveCfg = Release|Win32
		{90C840C8-606E-4F57-B4B1-A60A7D5ACCEF}.Release|x86.Build.0 = Release|Win32
		{90C840C8-606E-4F57-B4B1-A60A7D5ACCEF}.Release|x86.Deploy.0 = Release|Win32
		{BB97C5A3-10A8-4979-B7CA-D33B8D8F86AF}.Debug|Any CPU.ActiveCfg = Debug|Win32
		{BB97C5A3-10A8-4979-B7CA-D33B8D8F86AF}.Debug|ARM.ActiveCfg = Debug|Win32
		{BB97C5A3-10A8-4979-B7CA-D33B8D8F86AF}.Debug|ARM64.ActiveCfg = Debug|Win32
		{BB97C5A3-10A8-4979-B7CA-D33B8D8F86AF}.Debug|x64.ActiveCfg = Debug|x64
		{BB97C5A3-10A8-4979-B7CA-D33B8D8F86AF}.Debug|x64.Build.0 = Debug|x64
		{BB97C5A3-10A8-4979-B7CA-D33B8D8F86AF}.Debug|x64.Deploy.0 = Debug|x64
		{BB97C5A3-10A8-4979-B7CA-D33B8D8F86AF}.Debug|x86.ActiveCfg = Debug|Win32
		{BB97C5A3-10A8-4979-B7CA-D33B8D8F86AF}.Debug|x86.Build.0 = Debug|Win32
		{BB97C5A3-10A8-4979-B7CA-D33B8D8F86AF}.Debug|x86.Deploy.0 = Debug|Win32
		{BB97C5A3-10A8-4979-B7CA-D33B8D8F86AF}.Release|Any CPU.ActiveCfg = Release|Win32
		{BB97C5A3-10A8-4979-B7CA-D33B8D8F86AF}.Release|ARM.ActiveCfg = Release|Win32
		{BB97C5A3-10A8-4979-B7CA-D33B8D8F86AF}.Release|ARM64.ActiveCfg = Release|Win32
		{BB97C5A3-10A8-4979-B7CA-D33B8D8F86AF}.Release|x64.ActiveCfg = Release|x64
		{BB97C5A3-10A8-4979-B7CA-D33B8D8F86AF}.Release|x64.Build.0 = Release|x64
		{BB97C5A3-10A8-4979-B7CA-D33B8D8F86AF}.Release|x64.Deploy.0 = Release|x64
		{BB97C5A3-10A8-4979-B7CA-D33B8D8F86AF}.Release|x86.ActiveCfg = Release|Win32
		{BB97C5A3-10A8-4979-B7CA-D33B8D8F86AF}.Release|x86.Build.0 = Release|Win32
		{BB97C5A3-10A8-4979-B7CA-D33B8D8F86AF}.Release|x86.Deploy.0 = Release|Win32
		{CF307DC8-96B6-4818-AB94-4EFF2176A02B}.Debug|Any CPU.ActiveCfg = Debug|Win32
		{CF307DC8-96B6-4818-AB94-4EFF2176A02B}.Debug|ARM.ActiveCfg = Debug|Win32
		{CF307DC8-96B6-4818-AB94-4EFF2176A02B}.Debug|ARM64.ActiveCfg = Debug|Win32
		{CF307DC8-96B6-4818-AB94-4EFF2176A02B}.Debug|x64.ActiveCfg = Debug|x64
		{CF307DC8-96B6-4818-AB94-4EFF2176A02B}.Debug|x64.Build.0 = Debug|x64
		{CF307DC8-96B6-4818-AB94-4EFF2176A02B}.Debug|x86.ActiveCfg = Debug|Win32
		{CF307DC8-96B6-4818-AB94-4EFF2176A02B}.Debug|x86.Build.0 = Debug|Win32
		{CF307DC8-96B6-4818-AB94-4EFF2176A02B}.Release|Any CPU.ActiveCfg = Release|Win32
		{CF307DC8-96B6-4818-AB94-4EFF2176A02B}.Release|ARM.ActiveCfg = Release|Win32
		{CF307DC8-96B6-4818-AB94-4EFF2176A02B}.Release|ARM64.ActiveCfg = Release|Win32
		{CF307DC8-96B6-4818-AB94-4EFF2176A02B}.Release|x64.ActiveCfg = Release|x64
		{CF307DC8-96B6-4818-AB94-4EFF2176A02B}.Release|x64.Build.0 = Release|x64
		{CF307DC8-96B6-4818-AB94-4EFF2176A02B}.Release|x86.ActiveCfg = Release|Win32
		{CF307DC8-96B6-4818-AB94-4EFF2176A02B}.Release|x86.Build.0 = Release|Win32
		{FFE248C9-AE73-4719-892A-692975BB6B9C}.Debug|Any CPU.ActiveCfg = Debug|Win32
		{FFE248C9-AE73-4719-892A-692975BB6B9C}.Debug|ARM.ActiveCfg = Debug|Win32
		{FFE248C9-AE73-4719-892A-692975BB6B9C}.Debug|ARM64.ActiveCfg = Debug|Win32
		{FFE248C9-AE73-4719-892A-692975BB6B9C}.Debug|x64.ActiveCfg = Debug|x64
		{FFE248C9-AE73-4719-892A-692975BB6B9C}.Debug|x64.Build.0 = Debug|x64
		{FFE248C9-AE73-4719-892A-692975BB6B9C}.Debug|x86.ActiveCfg = Debug|Win32
		{FFE248C9-AE73-4719-892A-692975BB6B9C}.Debug|x86.Build.0 = Debug|Win32
		{FFE248C9-AE73-4719-892A-692975BB6B9C}.Release|Any CPU.ActiveCfg = Release|Win32
		{FFE248C9-AE73-4719-892A-692975BB6B9C}.Release|ARM.ActiveCfg = Release|Win32
		{FFE248C9-AE73-4719-892A-692975BB6B9C}.Release|ARM64.ActiveCfg = Release|Win32
		{FFE248C9-AE73-4719-892A-692975BB6B9C}.Release|x64.ActiveCfg = Release|x64
		{FFE248C9-AE73-4719-892A-692975BB6B9C}.Release|x64.Build.0 = Release|x64
		{FFE248C9-AE73-4719-892A-692975BB6B9C}.Release|x86.ActiveCfg = Release|Win32
		{FFE248C9-AE73-4719-892A-692975BB6B9C}.Release|x86.Build.0 = Release|Win32
		{3E9E7C4C-782C-440E-AC97-76F8B8FB3146}.Debug|Any CPU.ActiveCfg = Debug|Any CPU
		{3E9E7C4C-782C-440E-AC97-76F8B8FB3146}.Debug|Any CPU.Build.0 = Debug|Any CPU
		{3E9E7C4C-782C-440E-AC97-76F8B8FB3146}.Debug|ARM.ActiveCfg = Debug|Any CPU
		{3E9E7C4C-782C-440E-AC97-76F8B8FB3146}.Debug|ARM.Build.0 = Debug|Any CPU
		{3E9E7C4C-782C-440E-AC97-76F8B8FB3146}.Debug|ARM64.ActiveCfg = Debug|Any CPU
		{3E9E7C4C-782C-440E-AC97-76F8B8FB3146}.Debug|ARM64.Build.0 = Debug|Any CPU
		{3E9E7C4C-782C-440E-AC97-76F8B8FB3146}.Debug|x64.ActiveCfg = Debug|Any CPU
		{3E9E7C4C-782C-440E-AC97-76F8B8FB3146}.Debug|x64.Build.0 = Debug|Any CPU
		{3E9E7C4C-782C-440E-AC97-76F8B8FB3146}.Debug|x86.ActiveCfg = Debug|Any CPU
		{3E9E7C4C-782C-440E-AC97-76F8B8FB3146}.Debug|x86.Build.0 = Debug|Any CPU
		{3E9E7C4C-782C-440E-AC97-76F8B8FB3146}.Release|Any CPU.ActiveCfg = Release|Any CPU
		{3E9E7C4C-782C-440E-AC97-76F8B8FB3146}.Release|Any CPU.Build.0 = Release|Any CPU
		{3E9E7C4C-782C-440E-AC97-76F8B8FB3146}.Release|ARM.ActiveCfg = Release|Any CPU
		{3E9E7C4C-782C-440E-AC97-76F8B8FB3146}.Release|ARM.Build.0 = Release|Any CPU
		{3E9E7C4C-782C-440E-AC97-76F8B8FB3146}.Release|ARM64.ActiveCfg = Release|Any CPU
		{3E9E7C4C-782C-440E-AC97-76F8B8FB3146}.Release|ARM64.Build.0 = Release|Any CPU
		{3E9E7C4C-782C-440E-AC97-76F8B8FB3146}.Release|x64.ActiveCfg = Release|Any CPU
		{3E9E7C4C-782C-440E-AC97-76F8B8FB3146}.Release|x64.Build.0 = Release|Any CPU
		{3E9E7C4C-782C-440E-AC97-76F8B8FB3146}.Release|x86.ActiveCfg = Release|Any CPU
		{3E9E7C4C-782C-440E-AC97-76F8B8FB3146}.Release|x86.Build.0 = Release|Any CPU
		{D20738E8-2D7A-40DD-909F-0245CB6BCF06}.Debug|Any CPU.ActiveCfg = Debug|Any CPU
		{D20738E8-2D7A-40DD-909F-0245CB6BCF06}.Debug|Any CPU.Build.0 = Debug|Any CPU
		{D20738E8-2D7A-40DD-909F-0245CB6BCF06}.Debug|ARM.ActiveCfg = Debug|Any CPU
		{D20738E8-2D7A-40DD-909F-0245CB6BCF06}.Debug|ARM.Build.0 = Debug|Any CPU
		{D20738E8-2D7A-40DD-909F-0245CB6BCF06}.Debug|ARM64.ActiveCfg = Debug|Any CPU
		{D20738E8-2D7A-40DD-909F-0245CB6BCF06}.Debug|ARM64.Build.0 = Debug|Any CPU
		{D20738E8-2D7A-40DD-909F-0245CB6BCF06}.Debug|x64.ActiveCfg = Debug|Any CPU
		{D20738E8-2D7A-40DD-909F-0245CB6BCF06}.Debug|x64.Build.0 = Debug|Any CPU
		{D20738E8-2D7A-40DD-909F-0245CB6BCF06}.Debug|x86.ActiveCfg = Debug|Any CPU
		{D20738E8-2D7A-40DD-909F-0245CB6BCF06}.Debug|x86.Build.0 = Debug|Any CPU
		{D20738E8-2D7A-40DD-909F-0245CB6BCF06}.Release|Any CPU.ActiveCfg = Release|Any CPU
		{D20738E8-2D7A-40DD-909F-0245CB6BCF06}.Release|Any CPU.Build.0 = Release|Any CPU
		{D20738E8-2D7A-40DD-909F-0245CB6BCF06}.Release|ARM.ActiveCfg = Release|Any CPU
		{D20738E8-2D7A-40DD-909F-0245CB6BCF06}.Release|ARM.Build.0 = Release|Any CPU
		{D20738E8-2D7A-40DD-909F-0245CB6BCF06}.Release|ARM64.ActiveCfg = Release|Any CPU
		{D20738E8-2D7A-40DD-909F-0245CB6BCF06}.Release|ARM64.Build.0 = Release|Any CPU
		{D20738E8-2D7A-40DD-909F-0245CB6BCF06}.Release|x64.ActiveCfg = Release|Any CPU
		{D20738E8-2D7A-40DD-909F-0245CB6BCF06}.Release|x64.Build.0 = Release|Any CPU
		{D20738E8-2D7A-40DD-909F-0245CB6BCF06}.Release|x86.ActiveCfg = Release|Any CPU
		{D20738E8-2D7A-40DD-909F-0245CB6BCF06}.Release|x86.Build.0 = Release|Any CPU
		{EEE4E91C-0C5A-4A94-89F1-366B951F4AD4}.Debug|Any CPU.ActiveCfg = Debug|Win32
		{EEE4E91C-0C5A-4A94-89F1-366B951F4AD4}.Debug|ARM.ActiveCfg = Debug|Win32
		{EEE4E91C-0C5A-4A94-89F1-366B951F4AD4}.Debug|ARM64.ActiveCfg = Debug|Win32
		{EEE4E91C-0C5A-4A94-89F1-366B951F4AD4}.Debug|x64.ActiveCfg = Debug|x64
		{EEE4E91C-0C5A-4A94-89F1-366B951F4AD4}.Debug|x64.Build.0 = Debug|x64
		{EEE4E91C-0C5A-4A94-89F1-366B951F4AD4}.Debug|x86.ActiveCfg = Debug|Win32
		{EEE4E91C-0C5A-4A94-89F1-366B951F4AD4}.Debug|x86.Build.0 = Debug|Win32
		{EEE4E91C-0C5A-4A94-89F1-366B951F4AD4}.Release|Any CPU.ActiveCfg = Release|Win32
		{EEE4E91C-0C5A-4A94-89F1-366B951F4AD4}.Release|ARM.ActiveCfg = Release|Win32
		{EEE4E91C-0C5A-4A94-89F1-366B951F4AD4}.Release|ARM64.ActiveCfg = Release|Win32
		{EEE4E91C-0C5A-4A94-89F1-366B951F4AD4}.Release|x64.ActiveCfg = Release|x64
		{EEE4E91C-0C5A-4A94-89F1-366B951F4AD4}.Release|x64.Build.0 = Release|x64
		{EEE4E91C-0C5A-4A94-89F1-366B951F4AD4}.Release|x86.ActiveCfg = Release|Win32
		{EEE4E91C-0C5A-4A94-89F1-366B951F4AD4}.Release|x86.Build.0 = Release|Win32
		{9A1408AC-8914-4FC1-85D4-61EBBEAF9AF2}.Debug|Any CPU.ActiveCfg = Debug|Any CPU
		{9A1408AC-8914-4FC1-85D4-61EBBEAF9AF2}.Debug|Any CPU.Build.0 = Debug|Any CPU
		{9A1408AC-8914-4FC1-85D4-61EBBEAF9AF2}.Debug|ARM.ActiveCfg = Debug|Any CPU
		{9A1408AC-8914-4FC1-85D4-61EBBEAF9AF2}.Debug|ARM.Build.0 = Debug|Any CPU
		{9A1408AC-8914-4FC1-85D4-61EBBEAF9AF2}.Debug|ARM64.ActiveCfg = Debug|Any CPU
		{9A1408AC-8914-4FC1-85D4-61EBBEAF9AF2}.Debug|ARM64.Build.0 = Debug|Any CPU
		{9A1408AC-8914-4FC1-85D4-61EBBEAF9AF2}.Debug|x64.ActiveCfg = Debug|Any CPU
		{9A1408AC-8914-4FC1-85D4-61EBBEAF9AF2}.Debug|x64.Build.0 = Debug|Any CPU
		{9A1408AC-8914-4FC1-85D4-61EBBEAF9AF2}.Debug|x86.ActiveCfg = Debug|Any CPU
		{9A1408AC-8914-4FC1-85D4-61EBBEAF9AF2}.Debug|x86.Build.0 = Debug|Any CPU
		{9A1408AC-8914-4FC1-85D4-61EBBEAF9AF2}.Release|Any CPU.ActiveCfg = Release|Any CPU
		{9A1408AC-8914-4FC1-85D4-61EBBEAF9AF2}.Release|Any CPU.Build.0 = Release|Any CPU
		{9A1408AC-8914-4FC1-85D4-61EBBEAF9AF2}.Release|ARM.ActiveCfg = Release|Any CPU
		{9A1408AC-8914-4FC1-85D4-61EBBEAF9AF2}.Release|ARM.Build.0 = Release|Any CPU
		{9A1408AC-8914-4FC1-85D4-61EBBEAF9AF2}.Release|ARM64.ActiveCfg = Release|Any CPU
		{9A1408AC-8914-4FC1-85D4-61EBBEAF9AF2}.Release|ARM64.Build.0 = Release|Any CPU
		{9A1408AC-8914-4FC1-85D4-61EBBEAF9AF2}.Release|x64.ActiveCfg = Release|Any CPU
		{9A1408AC-8914-4FC1-85D4-61EBBEAF9AF2}.Release|x64.Build.0 = Release|Any CPU
		{9A1408AC-8914-4FC1-85D4-61EBBEAF9AF2}.Release|x86.ActiveCfg = Release|Any CPU
		{9A1408AC-8914-4FC1-85D4-61EBBEAF9AF2}.Release|x86.Build.0 = Release|Any CPU
	EndGlobalSection
	GlobalSection(SolutionProperties) = preSolution
		HideSolutionNode = FALSE
	EndGlobalSection
	GlobalSection(ExtensibilityGlobals) = postSolution
		SolutionGuid = {76FC7083-A7B0-4891-A218-1F9B96DC0B21}
	EndGlobalSection
EndGlobal
