
Microsoft Visual Studio Solution File, Format Version 12.00
# Visual Studio Version 16
VisualStudioVersion = 16.0.29215.179
MinimumVisualStudioVersion = 10.0.40219.1
Project("{8BC9CEB8-8B4A-11D0-8D11-00A0C91BC942}") = "TestArea", "TestArea\TestArea.vcxproj", "{3B9ACF5B-01E6-4EF4-8CFD-8EEEF5E0048F}"
EndProject
Project("{8BC9CEB8-8B4A-11D0-8D11-00A0C91BC942}") = "NarMinifilterDriver", "NarMinifilterDriver\NarMinifilterDriver.vcxproj", "{90C840C8-606E-4F57-B4B1-A60A7D5ACCEF}"
EndProject
Project("{8BC9CEB8-8B4A-11D0-8D11-00A0C91BC942}") = "minispy_kernel", "minispy_kernel\minispy.vcxproj", "{BB97C5A3-10A8-4979-B7CA-D33B8D8F86AF}"
EndProject
Project("{8BC9CEB8-8B4A-11D0-8D11-00A0C91BC942}") = "NarDIWrapper", "NarDIWrapper\NarDIWrapper.vcxproj", "{FFE248C9-AE73-4719-892A-692975BB6B9C}"
EndProject
Project("{FAE04EC0-301F-11D3-BF4B-00C04F79EFBC}") = "DotNetTest", "DotNetTest\DotNetTest.csproj", "{3E9E7C4C-782C-440E-AC97-76F8B8FB3146}"
EndProject
Project("{FAE04EC0-301F-11D3-BF4B-00C04F79EFBC}") = "DiskBackupWpfGUI", "DiskBackupWpfGUI\DiskBackupWpfGUI.csproj", "{9A1408AC-8914-4FC1-85D4-61EBBEAF9AF2}"
	ProjectSection(ProjectDependencies) = postProject
		{FFE248C9-AE73-4719-892A-692975BB6B9C} = {FFE248C9-AE73-4719-892A-692975BB6B9C}
	EndProjectSection
EndProject
Project("{FAE04EC0-301F-11D3-BF4B-00C04F79EFBC}") = "DiskBackup.Business", "DiskBackup.Business\DiskBackup.Business.csproj", "{3F48E57C-71B2-4978-8361-345FA514E77A}"
EndProject
Project("{FAE04EC0-301F-11D3-BF4B-00C04F79EFBC}") = "DiskBackup.DataAccess", "DiskBackup.DataAccess\DiskBackup.DataAccess.csproj", "{D7B5EBAF-801C-48A9-B1A4-C21ED315FEA1}"
EndProject
Project("{FAE04EC0-301F-11D3-BF4B-00C04F79EFBC}") = "DiskBackup.Core", "DiskBackup.Core\DiskBackup.Core.csproj", "{CA2A0627-7997-4B4E-8BE3-C1CA9E516F66}"
EndProject
Project("{FAE04EC0-301F-11D3-BF4B-00C04F79EFBC}") = "DiskBackup.TaskScheduler", "DiskBackup.TaskScheduler\DiskBackup.TaskScheduler.csproj", "{3BFEB5E2-ADC2-4D43-9D70-86DC595E30B7}"
EndProject
Project("{2150E333-8FDC-42A3-9474-1A3956D46DE8}") = "Tests", "Tests", "{41008806-6824-4F4D-B17E-8C3B06B25520}"
EndProject
Project("{FAE04EC0-301F-11D3-BF4B-00C04F79EFBC}") = "DiskBackup.DataAccess.Tests", "DiskBackup.DataAccess.Tests\DiskBackup.DataAccess.Tests.csproj", "{8926F141-7E2A-4215-946F-8B8655D7CB54}"
EndProject
Project("{FAE04EC0-301F-11D3-BF4B-00C04F79EFBC}") = "DiskBackup.TaskScheduler.Tests", "DiskBackup.TaskScheduler.Tests\DiskBackup.TaskScheduler.Tests.csproj", "{81E16113-C938-43D5-BEC4-8C7EA0A11D7F}"
EndProject
Project("{FAE04EC0-301F-11D3-BF4B-00C04F79EFBC}") = "DiskBackup.Business.Tests", "DiskBackup.Business.Tests\DiskBackup.Business.Tests.csproj", "{E6CFAB17-C295-4342-9B00-1263A2C45361}"
EndProject
Project("{FAE04EC0-301F-11D3-BF4B-00C04F79EFBC}") = "DiskBackup.Controllers", "DiskBackup.Controllers\DiskBackup.Controllers.csproj", "{17E1BC6B-2BEA-4DC3-98B9-F1A6E1C743D1}"
EndProject
Project("{FAE04EC0-301F-11D3-BF4B-00C04F79EFBC}") = "DiskBackup.Entities", "DiskBackup.Entities\DiskBackup.Entities.csproj", "{08189FEB-3E7A-4C10-8088-3732BC8AC883}"
EndProject
Project("{2150E333-8FDC-42A3-9474-1A3956D46DE8}") = "PoC", "PoC", "{95C56067-7335-429A-9757-F17802EA349F}"
EndProject
Project("{FAE04EC0-301F-11D3-BF4B-00C04F79EFBC}") = "WaitEventPoC", "WaitEventPoC\WaitEventPoC.csproj", "{7B0AC178-3FE5-495B-A9F8-14A466D10019}"
EndProject
Project("{FAE04EC0-301F-11D3-BF4B-00C04F79EFBC}") = "QuartzPoC", "QuartzPoC\QuartzPoC.csproj", "{123F4B59-13D5-4FA1-B42D-C17506C2CA4A}"
EndProject
Project("{FAE04EC0-301F-11D3-BF4B-00C04F79EFBC}") = "WpfDIIntegration", "WpfDIIntegration\WpfDIIntegration.csproj", "{32BC4D58-7FC1-4860-ADEC-FD0EF789C765}"
EndProject
Project("{FAE04EC0-301F-11D3-BF4B-00C04F79EFBC}") = "Scheduler", "Scheduler\Scheduler.csproj", "{FD7C2BB5-39DB-4CDE-BE1F-CFF3BDAB540A}"
EndProject
Project("{2150E333-8FDC-42A3-9474-1A3956D46DE8}") = "ServiceMigration", "ServiceMigration", "{B078111B-08D1-43A3-A5EB-50F60CC9DFE9}"
EndProject
Project("{FAE04EC0-301F-11D3-BF4B-00C04F79EFBC}") = "MyProduct.Business", "MyProduct.Business\MyProduct.Business.csproj", "{817AB2D1-B6CB-4C95-AFF0-028B1A2D6909}"
EndProject
Project("{FAE04EC0-301F-11D3-BF4B-00C04F79EFBC}") = "MyProduct.Entities", "MyProduct.Entities\MyProduct.Entities.csproj", "{FE86F198-AC3F-4EE1-BF13-28F3DA31CC5D}"
EndProject
Project("{FAE04EC0-301F-11D3-BF4B-00C04F79EFBC}") = "MyProduct.WpfGui", "MyProduct.WpfGui\MyProduct.WpfGui.csproj", "{F19F215A-2BCC-4406-BC56-FF448126E14D}"
EndProject
Project("{FAE04EC0-301F-11D3-BF4B-00C04F79EFBC}") = "MyProduct.Service", "MyProduct.Service\MyProduct.Service.csproj", "{A00480B4-DDDA-4790-8F7D-C9840E8F53C2}"
EndProject
Project("{FAE04EC0-301F-11D3-BF4B-00C04F79EFBC}") = "DiskBackup.Service", "DiskBackup.Service\DiskBackup.Service.csproj", "{7EA107D9-1EDD-41BB-8F92-D5E4C3602384}"
EndProject
Project("{FAE04EC0-301F-11D3-BF4B-00C04F79EFBC}") = "ListviewSortPoC", "ListviewSortPoC\ListviewSortPoC.csproj", "{341F2323-94D8-4205-9AC1-E7DAC50004A7}"
EndProject
Project("{930C7802-8A8C-48F9-8165-68863BCCD9DD}") = "TestSetup", "TestSetup\TestSetup.wixproj", "{9AE95BE1-2BCC-444E-9ADC-C7AC9D653A25}"
EndProject
Project("{930C7802-8A8C-48F9-8165-68863BCCD9DD}") = "DiskBackup.Setup", "DiskBackup.Setup\DiskBackup.Setup.wixproj", "{684905A7-12E5-4BB5-B4F1-7797801851FD}"
EndProject
Project("{FAE04EC0-301F-11D3-BF4B-00C04F79EFBC}") = "AESLicenseKeyPoC", "AESLicenseKeyPoC\AESLicenseKeyPoC.csproj", "{411CEB05-2C2B-41EF-A322-AACD8084EF19}"
EndProject
Project("{FAE04EC0-301F-11D3-BF4B-00C04F79EFBC}") = "LicenseKeyGenerator", "LicenseKeyGenerator\LicenseKeyGenerator.csproj", "{96948D68-308F-4334-A2F9-BC3DE894FAB5}"
EndProject
Project("{FAE04EC0-301F-11D3-BF4B-00C04F79EFBC}") = "MailPoC", "MailPoC\MailPoC.csproj", "{CB34B771-A24C-4CD8-943C-1331BB3654E7}"
EndProject
Project("{FAE04EC0-301F-11D3-BF4B-00C04F79EFBC}") = "DiskBackup.Communication", "DiskBackup.Communication\DiskBackup.Communication.csproj", "{258921DE-2586-4E54-B545-D304615FB6B1}"
EndProject
Project("{FAE04EC0-301F-11D3-BF4B-00C04F79EFBC}") = "DiskBackup.Reinstall", "DiskBackup.Reinstall\DiskBackup.Reinstall.csproj", "{B8F310FA-B6CE-44ED-8BBC-77E94CE6FAE2}"
EndProject
Project("{8BC9CEB8-8B4A-11D0-8D11-00A0C91BC942}") = "NarNativeHelpers", "NarNativeHelpers\NarNativeHelpers.vcxproj", "{1D49648C-D4D4-4530-BFE7-72F782A311FA}"
EndProject
Project("{FAE04EC0-301F-11D3-BF4B-00C04F79EFBC}") = "DriveInformationOnDotNetFrameworkPoC", "DriveInformationOnDotNetFrameworkPoC\DriveInformationOnDotNetFrameworkPoC.csproj", "{C4D1E557-7442-4E21-A463-EF6E375F31E8}"
EndProject
Project("{FAE04EC0-301F-11D3-BF4B-00C04F79EFBC}") = "FullBackupPoc", "FullBackupPoc\FullBackupPoc.csproj", "{FCB5EADC-7070-4848-B617-212EDFE00CEC}"
EndProject
Project("{FAE04EC0-301F-11D3-BF4B-00C04F79EFBC}") = "DiskBackup.ConsoleApplication", "DiskBackup.ConsoleApplication\DiskBackup.ConsoleApplication.csproj", "{422771CE-F085-4B15-9CA2-FA3F1F727F2B}"
EndProject
Project("{FAE04EC0-301F-11D3-BF4B-00C04F79EFBC}") = "DiskBackup.DriverInitializer", "DiskBackup.DriverInitializer\DiskBackup.DriverInitializer.csproj", "{E1BD12FB-7889-4BDA-8009-5F4C2DF48CE1}"
EndProject
Global
	GlobalSection(SolutionConfigurationPlatforms) = preSolution
		Debug|Any CPU = Debug|Any CPU
		Debug|ARM = Debug|ARM
		Debug|ARM64 = Debug|ARM64
		Debug|x64 = Debug|x64
		Debug|x86 = Debug|x86
		Release|Any CPU = Release|Any CPU
		Release|ARM = Release|ARM
		Release|ARM64 = Release|ARM64
		Release|x64 = Release|x64
		Release|x86 = Release|x86
	EndGlobalSection
	GlobalSection(ProjectConfigurationPlatforms) = postSolution
		{3B9ACF5B-01E6-4EF4-8CFD-8EEEF5E0048F}.Debug|Any CPU.ActiveCfg = Debug|Win32
		{3B9ACF5B-01E6-4EF4-8CFD-8EEEF5E0048F}.Debug|ARM.ActiveCfg = Debug|Win32
		{3B9ACF5B-01E6-4EF4-8CFD-8EEEF5E0048F}.Debug|ARM64.ActiveCfg = Debug|Win32
		{3B9ACF5B-01E6-4EF4-8CFD-8EEEF5E0048F}.Debug|x64.ActiveCfg = Debug|x64
		{3B9ACF5B-01E6-4EF4-8CFD-8EEEF5E0048F}.Debug|x64.Build.0 = Debug|x64
		{3B9ACF5B-01E6-4EF4-8CFD-8EEEF5E0048F}.Debug|x86.ActiveCfg = Debug|Win32
		{3B9ACF5B-01E6-4EF4-8CFD-8EEEF5E0048F}.Debug|x86.Build.0 = Debug|Win32
		{3B9ACF5B-01E6-4EF4-8CFD-8EEEF5E0048F}.Release|Any CPU.ActiveCfg = Release|Win32
		{3B9ACF5B-01E6-4EF4-8CFD-8EEEF5E0048F}.Release|ARM.ActiveCfg = Release|Win32
		{3B9ACF5B-01E6-4EF4-8CFD-8EEEF5E0048F}.Release|ARM64.ActiveCfg = Release|Win32
		{3B9ACF5B-01E6-4EF4-8CFD-8EEEF5E0048F}.Release|x64.ActiveCfg = Release|x64
		{3B9ACF5B-01E6-4EF4-8CFD-8EEEF5E0048F}.Release|x64.Build.0 = Release|x64
		{3B9ACF5B-01E6-4EF4-8CFD-8EEEF5E0048F}.Release|x86.ActiveCfg = Release|Win32
		{3B9ACF5B-01E6-4EF4-8CFD-8EEEF5E0048F}.Release|x86.Build.0 = Release|Win32
		{90C840C8-606E-4F57-B4B1-A60A7D5ACCEF}.Debug|Any CPU.ActiveCfg = Debug|Win32
		{90C840C8-606E-4F57-B4B1-A60A7D5ACCEF}.Debug|ARM.ActiveCfg = Debug|ARM
		{90C840C8-606E-4F57-B4B1-A60A7D5ACCEF}.Debug|ARM.Build.0 = Debug|ARM
		{90C840C8-606E-4F57-B4B1-A60A7D5ACCEF}.Debug|ARM.Deploy.0 = Debug|ARM
		{90C840C8-606E-4F57-B4B1-A60A7D5ACCEF}.Debug|ARM64.ActiveCfg = Debug|ARM64
		{90C840C8-606E-4F57-B4B1-A60A7D5ACCEF}.Debug|ARM64.Build.0 = Debug|ARM64
		{90C840C8-606E-4F57-B4B1-A60A7D5ACCEF}.Debug|ARM64.Deploy.0 = Debug|ARM64
		{90C840C8-606E-4F57-B4B1-A60A7D5ACCEF}.Debug|x64.ActiveCfg = Debug|x64
		{90C840C8-606E-4F57-B4B1-A60A7D5ACCEF}.Debug|x64.Build.0 = Debug|x64
		{90C840C8-606E-4F57-B4B1-A60A7D5ACCEF}.Debug|x64.Deploy.0 = Debug|x64
		{90C840C8-606E-4F57-B4B1-A60A7D5ACCEF}.Debug|x86.ActiveCfg = Debug|Win32
		{90C840C8-606E-4F57-B4B1-A60A7D5ACCEF}.Debug|x86.Build.0 = Debug|Win32
		{90C840C8-606E-4F57-B4B1-A60A7D5ACCEF}.Debug|x86.Deploy.0 = Debug|Win32
		{90C840C8-606E-4F57-B4B1-A60A7D5ACCEF}.Release|Any CPU.ActiveCfg = Release|Win32
		{90C840C8-606E-4F57-B4B1-A60A7D5ACCEF}.Release|ARM.ActiveCfg = Release|ARM
		{90C840C8-606E-4F57-B4B1-A60A7D5ACCEF}.Release|ARM.Build.0 = Release|ARM
		{90C840C8-606E-4F57-B4B1-A60A7D5ACCEF}.Release|ARM.Deploy.0 = Release|ARM
		{90C840C8-606E-4F57-B4B1-A60A7D5ACCEF}.Release|ARM64.ActiveCfg = Release|ARM64
		{90C840C8-606E-4F57-B4B1-A60A7D5ACCEF}.Release|ARM64.Build.0 = Release|ARM64
		{90C840C8-606E-4F57-B4B1-A60A7D5ACCEF}.Release|ARM64.Deploy.0 = Release|ARM64
		{90C840C8-606E-4F57-B4B1-A60A7D5ACCEF}.Release|x64.ActiveCfg = Release|x64
		{90C840C8-606E-4F57-B4B1-A60A7D5ACCEF}.Release|x64.Build.0 = Release|x64
		{90C840C8-606E-4F57-B4B1-A60A7D5ACCEF}.Release|x64.Deploy.0 = Release|x64
		{90C840C8-606E-4F57-B4B1-A60A7D5ACCEF}.Release|x86.ActiveCfg = Release|Win32
		{90C840C8-606E-4F57-B4B1-A60A7D5ACCEF}.Release|x86.Build.0 = Release|Win32
		{90C840C8-606E-4F57-B4B1-A60A7D5ACCEF}.Release|x86.Deploy.0 = Release|Win32
		{BB97C5A3-10A8-4979-B7CA-D33B8D8F86AF}.Debug|Any CPU.ActiveCfg = Debug|Win32
		{BB97C5A3-10A8-4979-B7CA-D33B8D8F86AF}.Debug|ARM.ActiveCfg = Debug|Win32
		{BB97C5A3-10A8-4979-B7CA-D33B8D8F86AF}.Debug|ARM64.ActiveCfg = Debug|Win32
		{BB97C5A3-10A8-4979-B7CA-D33B8D8F86AF}.Debug|x64.ActiveCfg = Debug|x64
		{BB97C5A3-10A8-4979-B7CA-D33B8D8F86AF}.Debug|x64.Build.0 = Debug|x64
		{BB97C5A3-10A8-4979-B7CA-D33B8D8F86AF}.Debug|x64.Deploy.0 = Debug|x64
		{BB97C5A3-10A8-4979-B7CA-D33B8D8F86AF}.Debug|x86.ActiveCfg = Debug|Win32
		{BB97C5A3-10A8-4979-B7CA-D33B8D8F86AF}.Debug|x86.Build.0 = Debug|Win32
		{BB97C5A3-10A8-4979-B7CA-D33B8D8F86AF}.Debug|x86.Deploy.0 = Debug|Win32
		{BB97C5A3-10A8-4979-B7CA-D33B8D8F86AF}.Release|Any CPU.ActiveCfg = Release|Win32
		{BB97C5A3-10A8-4979-B7CA-D33B8D8F86AF}.Release|ARM.ActiveCfg = Release|Win32
		{BB97C5A3-10A8-4979-B7CA-D33B8D8F86AF}.Release|ARM64.ActiveCfg = Release|Win32
		{BB97C5A3-10A8-4979-B7CA-D33B8D8F86AF}.Release|x64.ActiveCfg = Release|x64
		{BB97C5A3-10A8-4979-B7CA-D33B8D8F86AF}.Release|x64.Build.0 = Release|x64
		{BB97C5A3-10A8-4979-B7CA-D33B8D8F86AF}.Release|x64.Deploy.0 = Release|x64
		{BB97C5A3-10A8-4979-B7CA-D33B8D8F86AF}.Release|x86.ActiveCfg = Release|Win32
		{BB97C5A3-10A8-4979-B7CA-D33B8D8F86AF}.Release|x86.Build.0 = Release|Win32
		{BB97C5A3-10A8-4979-B7CA-D33B8D8F86AF}.Release|x86.Deploy.0 = Release|Win32
		{FFE248C9-AE73-4719-892A-692975BB6B9C}.Debug|Any CPU.ActiveCfg = Debug|Win32
		{FFE248C9-AE73-4719-892A-692975BB6B9C}.Debug|ARM.ActiveCfg = Debug|Win32
		{FFE248C9-AE73-4719-892A-692975BB6B9C}.Debug|ARM64.ActiveCfg = Debug|Win32
		{FFE248C9-AE73-4719-892A-692975BB6B9C}.Debug|x64.ActiveCfg = Debug|x64
		{FFE248C9-AE73-4719-892A-692975BB6B9C}.Debug|x64.Build.0 = Debug|x64
		{FFE248C9-AE73-4719-892A-692975BB6B9C}.Debug|x86.ActiveCfg = Debug|Win32
		{FFE248C9-AE73-4719-892A-692975BB6B9C}.Debug|x86.Build.0 = Debug|Win32
		{FFE248C9-AE73-4719-892A-692975BB6B9C}.Release|Any CPU.ActiveCfg = Release|Win32
		{FFE248C9-AE73-4719-892A-692975BB6B9C}.Release|ARM.ActiveCfg = Release|Win32
		{FFE248C9-AE73-4719-892A-692975BB6B9C}.Release|ARM64.ActiveCfg = Release|Win32
		{FFE248C9-AE73-4719-892A-692975BB6B9C}.Release|x64.ActiveCfg = Release|x64
		{FFE248C9-AE73-4719-892A-692975BB6B9C}.Release|x64.Build.0 = Release|x64
		{FFE248C9-AE73-4719-892A-692975BB6B9C}.Release|x86.ActiveCfg = Release|Win32
		{FFE248C9-AE73-4719-892A-692975BB6B9C}.Release|x86.Build.0 = Release|Win32
		{3E9E7C4C-782C-440E-AC97-76F8B8FB3146}.Debug|Any CPU.ActiveCfg = Debug|Any CPU
		{3E9E7C4C-782C-440E-AC97-76F8B8FB3146}.Debug|Any CPU.Build.0 = Debug|Any CPU
		{3E9E7C4C-782C-440E-AC97-76F8B8FB3146}.Debug|ARM.ActiveCfg = Debug|Any CPU
		{3E9E7C4C-782C-440E-AC97-76F8B8FB3146}.Debug|ARM.Build.0 = Debug|Any CPU
		{3E9E7C4C-782C-440E-AC97-76F8B8FB3146}.Debug|ARM64.ActiveCfg = Debug|Any CPU
		{3E9E7C4C-782C-440E-AC97-76F8B8FB3146}.Debug|ARM64.Build.0 = Debug|Any CPU
		{3E9E7C4C-782C-440E-AC97-76F8B8FB3146}.Debug|x64.ActiveCfg = Debug|Any CPU
		{3E9E7C4C-782C-440E-AC97-76F8B8FB3146}.Debug|x64.Build.0 = Debug|Any CPU
		{3E9E7C4C-782C-440E-AC97-76F8B8FB3146}.Debug|x86.ActiveCfg = Debug|Any CPU
		{3E9E7C4C-782C-440E-AC97-76F8B8FB3146}.Debug|x86.Build.0 = Debug|Any CPU
		{3E9E7C4C-782C-440E-AC97-76F8B8FB3146}.Release|Any CPU.ActiveCfg = Release|Any CPU
		{3E9E7C4C-782C-440E-AC97-76F8B8FB3146}.Release|Any CPU.Build.0 = Release|Any CPU
		{3E9E7C4C-782C-440E-AC97-76F8B8FB3146}.Release|ARM.ActiveCfg = Release|Any CPU
		{3E9E7C4C-782C-440E-AC97-76F8B8FB3146}.Release|ARM.Build.0 = Release|Any CPU
		{3E9E7C4C-782C-440E-AC97-76F8B8FB3146}.Release|ARM64.ActiveCfg = Release|Any CPU
		{3E9E7C4C-782C-440E-AC97-76F8B8FB3146}.Release|ARM64.Build.0 = Release|Any CPU
		{3E9E7C4C-782C-440E-AC97-76F8B8FB3146}.Release|x64.ActiveCfg = Release|Any CPU
		{3E9E7C4C-782C-440E-AC97-76F8B8FB3146}.Release|x64.Build.0 = Release|Any CPU
		{3E9E7C4C-782C-440E-AC97-76F8B8FB3146}.Release|x86.ActiveCfg = Release|Any CPU
		{3E9E7C4C-782C-440E-AC97-76F8B8FB3146}.Release|x86.Build.0 = Release|Any CPU
		{9A1408AC-8914-4FC1-85D4-61EBBEAF9AF2}.Debug|Any CPU.ActiveCfg = Debug|Any CPU
		{9A1408AC-8914-4FC1-85D4-61EBBEAF9AF2}.Debug|Any CPU.Build.0 = Debug|Any CPU
		{9A1408AC-8914-4FC1-85D4-61EBBEAF9AF2}.Debug|ARM.ActiveCfg = Debug|Any CPU
		{9A1408AC-8914-4FC1-85D4-61EBBEAF9AF2}.Debug|ARM.Build.0 = Debug|Any CPU
		{9A1408AC-8914-4FC1-85D4-61EBBEAF9AF2}.Debug|ARM64.ActiveCfg = Debug|Any CPU
		{9A1408AC-8914-4FC1-85D4-61EBBEAF9AF2}.Debug|ARM64.Build.0 = Debug|Any CPU
		{9A1408AC-8914-4FC1-85D4-61EBBEAF9AF2}.Debug|x64.ActiveCfg = Debug|Any CPU
		{9A1408AC-8914-4FC1-85D4-61EBBEAF9AF2}.Debug|x64.Build.0 = Debug|Any CPU
		{9A1408AC-8914-4FC1-85D4-61EBBEAF9AF2}.Debug|x86.ActiveCfg = Debug|Any CPU
		{9A1408AC-8914-4FC1-85D4-61EBBEAF9AF2}.Debug|x86.Build.0 = Debug|Any CPU
		{9A1408AC-8914-4FC1-85D4-61EBBEAF9AF2}.Release|Any CPU.ActiveCfg = Release|Any CPU
		{9A1408AC-8914-4FC1-85D4-61EBBEAF9AF2}.Release|Any CPU.Build.0 = Release|Any CPU
		{9A1408AC-8914-4FC1-85D4-61EBBEAF9AF2}.Release|ARM.ActiveCfg = Release|Any CPU
		{9A1408AC-8914-4FC1-85D4-61EBBEAF9AF2}.Release|ARM.Build.0 = Release|Any CPU
		{9A1408AC-8914-4FC1-85D4-61EBBEAF9AF2}.Release|ARM64.ActiveCfg = Release|Any CPU
		{9A1408AC-8914-4FC1-85D4-61EBBEAF9AF2}.Release|ARM64.Build.0 = Release|Any CPU
		{9A1408AC-8914-4FC1-85D4-61EBBEAF9AF2}.Release|x64.ActiveCfg = Release|Any CPU
		{9A1408AC-8914-4FC1-85D4-61EBBEAF9AF2}.Release|x64.Build.0 = Release|Any CPU
		{9A1408AC-8914-4FC1-85D4-61EBBEAF9AF2}.Release|x86.ActiveCfg = Release|Any CPU
		{9A1408AC-8914-4FC1-85D4-61EBBEAF9AF2}.Release|x86.Build.0 = Release|Any CPU
		{3F48E57C-71B2-4978-8361-345FA514E77A}.Debug|Any CPU.ActiveCfg = Debug|Any CPU
		{3F48E57C-71B2-4978-8361-345FA514E77A}.Debug|Any CPU.Build.0 = Debug|Any CPU
		{3F48E57C-71B2-4978-8361-345FA514E77A}.Debug|ARM.ActiveCfg = Debug|Any CPU
		{3F48E57C-71B2-4978-8361-345FA514E77A}.Debug|ARM.Build.0 = Debug|Any CPU
		{3F48E57C-71B2-4978-8361-345FA514E77A}.Debug|ARM64.ActiveCfg = Debug|Any CPU
		{3F48E57C-71B2-4978-8361-345FA514E77A}.Debug|ARM64.Build.0 = Debug|Any CPU
		{3F48E57C-71B2-4978-8361-345FA514E77A}.Debug|x64.ActiveCfg = Debug|Any CPU
		{3F48E57C-71B2-4978-8361-345FA514E77A}.Debug|x64.Build.0 = Debug|Any CPU
		{3F48E57C-71B2-4978-8361-345FA514E77A}.Debug|x86.ActiveCfg = Debug|Any CPU
		{3F48E57C-71B2-4978-8361-345FA514E77A}.Debug|x86.Build.0 = Debug|Any CPU
		{3F48E57C-71B2-4978-8361-345FA514E77A}.Release|Any CPU.ActiveCfg = Release|Any CPU
		{3F48E57C-71B2-4978-8361-345FA514E77A}.Release|Any CPU.Build.0 = Release|Any CPU
		{3F48E57C-71B2-4978-8361-345FA514E77A}.Release|ARM.ActiveCfg = Release|Any CPU
		{3F48E57C-71B2-4978-8361-345FA514E77A}.Release|ARM.Build.0 = Release|Any CPU
		{3F48E57C-71B2-4978-8361-345FA514E77A}.Release|ARM64.ActiveCfg = Release|Any CPU
		{3F48E57C-71B2-4978-8361-345FA514E77A}.Release|ARM64.Build.0 = Release|Any CPU
		{3F48E57C-71B2-4978-8361-345FA514E77A}.Release|x64.ActiveCfg = Release|Any CPU
		{3F48E57C-71B2-4978-8361-345FA514E77A}.Release|x64.Build.0 = Release|Any CPU
		{3F48E57C-71B2-4978-8361-345FA514E77A}.Release|x86.ActiveCfg = Release|Any CPU
		{3F48E57C-71B2-4978-8361-345FA514E77A}.Release|x86.Build.0 = Release|Any CPU
		{D7B5EBAF-801C-48A9-B1A4-C21ED315FEA1}.Debug|Any CPU.ActiveCfg = Debug|Any CPU
		{D7B5EBAF-801C-48A9-B1A4-C21ED315FEA1}.Debug|Any CPU.Build.0 = Debug|Any CPU
		{D7B5EBAF-801C-48A9-B1A4-C21ED315FEA1}.Debug|ARM.ActiveCfg = Debug|Any CPU
		{D7B5EBAF-801C-48A9-B1A4-C21ED315FEA1}.Debug|ARM.Build.0 = Debug|Any CPU
		{D7B5EBAF-801C-48A9-B1A4-C21ED315FEA1}.Debug|ARM64.ActiveCfg = Debug|Any CPU
		{D7B5EBAF-801C-48A9-B1A4-C21ED315FEA1}.Debug|ARM64.Build.0 = Debug|Any CPU
		{D7B5EBAF-801C-48A9-B1A4-C21ED315FEA1}.Debug|x64.ActiveCfg = Debug|Any CPU
		{D7B5EBAF-801C-48A9-B1A4-C21ED315FEA1}.Debug|x64.Build.0 = Debug|Any CPU
		{D7B5EBAF-801C-48A9-B1A4-C21ED315FEA1}.Debug|x86.ActiveCfg = Debug|Any CPU
		{D7B5EBAF-801C-48A9-B1A4-C21ED315FEA1}.Debug|x86.Build.0 = Debug|Any CPU
		{D7B5EBAF-801C-48A9-B1A4-C21ED315FEA1}.Release|Any CPU.ActiveCfg = Release|Any CPU
		{D7B5EBAF-801C-48A9-B1A4-C21ED315FEA1}.Release|Any CPU.Build.0 = Release|Any CPU
		{D7B5EBAF-801C-48A9-B1A4-C21ED315FEA1}.Release|ARM.ActiveCfg = Release|Any CPU
		{D7B5EBAF-801C-48A9-B1A4-C21ED315FEA1}.Release|ARM.Build.0 = Release|Any CPU
		{D7B5EBAF-801C-48A9-B1A4-C21ED315FEA1}.Release|ARM64.ActiveCfg = Release|Any CPU
		{D7B5EBAF-801C-48A9-B1A4-C21ED315FEA1}.Release|ARM64.Build.0 = Release|Any CPU
		{D7B5EBAF-801C-48A9-B1A4-C21ED315FEA1}.Release|x64.ActiveCfg = Release|Any CPU
		{D7B5EBAF-801C-48A9-B1A4-C21ED315FEA1}.Release|x64.Build.0 = Release|Any CPU
		{D7B5EBAF-801C-48A9-B1A4-C21ED315FEA1}.Release|x86.ActiveCfg = Release|Any CPU
		{D7B5EBAF-801C-48A9-B1A4-C21ED315FEA1}.Release|x86.Build.0 = Release|Any CPU
		{CA2A0627-7997-4B4E-8BE3-C1CA9E516F66}.Debug|Any CPU.ActiveCfg = Debug|Any CPU
		{CA2A0627-7997-4B4E-8BE3-C1CA9E516F66}.Debug|Any CPU.Build.0 = Debug|Any CPU
		{CA2A0627-7997-4B4E-8BE3-C1CA9E516F66}.Debug|ARM.ActiveCfg = Debug|Any CPU
		{CA2A0627-7997-4B4E-8BE3-C1CA9E516F66}.Debug|ARM.Build.0 = Debug|Any CPU
		{CA2A0627-7997-4B4E-8BE3-C1CA9E516F66}.Debug|ARM64.ActiveCfg = Debug|Any CPU
		{CA2A0627-7997-4B4E-8BE3-C1CA9E516F66}.Debug|ARM64.Build.0 = Debug|Any CPU
		{CA2A0627-7997-4B4E-8BE3-C1CA9E516F66}.Debug|x64.ActiveCfg = Debug|Any CPU
		{CA2A0627-7997-4B4E-8BE3-C1CA9E516F66}.Debug|x64.Build.0 = Debug|Any CPU
		{CA2A0627-7997-4B4E-8BE3-C1CA9E516F66}.Debug|x86.ActiveCfg = Debug|Any CPU
		{CA2A0627-7997-4B4E-8BE3-C1CA9E516F66}.Debug|x86.Build.0 = Debug|Any CPU
		{CA2A0627-7997-4B4E-8BE3-C1CA9E516F66}.Release|Any CPU.ActiveCfg = Release|Any CPU
		{CA2A0627-7997-4B4E-8BE3-C1CA9E516F66}.Release|Any CPU.Build.0 = Release|Any CPU
		{CA2A0627-7997-4B4E-8BE3-C1CA9E516F66}.Release|ARM.ActiveCfg = Release|Any CPU
		{CA2A0627-7997-4B4E-8BE3-C1CA9E516F66}.Release|ARM.Build.0 = Release|Any CPU
		{CA2A0627-7997-4B4E-8BE3-C1CA9E516F66}.Release|ARM64.ActiveCfg = Release|Any CPU
		{CA2A0627-7997-4B4E-8BE3-C1CA9E516F66}.Release|ARM64.Build.0 = Release|Any CPU
		{CA2A0627-7997-4B4E-8BE3-C1CA9E516F66}.Release|x64.ActiveCfg = Release|Any CPU
		{CA2A0627-7997-4B4E-8BE3-C1CA9E516F66}.Release|x64.Build.0 = Release|Any CPU
		{CA2A0627-7997-4B4E-8BE3-C1CA9E516F66}.Release|x86.ActiveCfg = Release|Any CPU
		{CA2A0627-7997-4B4E-8BE3-C1CA9E516F66}.Release|x86.Build.0 = Release|Any CPU
		{3BFEB5E2-ADC2-4D43-9D70-86DC595E30B7}.Debug|Any CPU.ActiveCfg = Debug|Any CPU
		{3BFEB5E2-ADC2-4D43-9D70-86DC595E30B7}.Debug|Any CPU.Build.0 = Debug|Any CPU
		{3BFEB5E2-ADC2-4D43-9D70-86DC595E30B7}.Debug|ARM.ActiveCfg = Debug|Any CPU
		{3BFEB5E2-ADC2-4D43-9D70-86DC595E30B7}.Debug|ARM.Build.0 = Debug|Any CPU
		{3BFEB5E2-ADC2-4D43-9D70-86DC595E30B7}.Debug|ARM64.ActiveCfg = Debug|Any CPU
		{3BFEB5E2-ADC2-4D43-9D70-86DC595E30B7}.Debug|ARM64.Build.0 = Debug|Any CPU
		{3BFEB5E2-ADC2-4D43-9D70-86DC595E30B7}.Debug|x64.ActiveCfg = Debug|Any CPU
		{3BFEB5E2-ADC2-4D43-9D70-86DC595E30B7}.Debug|x64.Build.0 = Debug|Any CPU
		{3BFEB5E2-ADC2-4D43-9D70-86DC595E30B7}.Debug|x86.ActiveCfg = Debug|Any CPU
		{3BFEB5E2-ADC2-4D43-9D70-86DC595E30B7}.Debug|x86.Build.0 = Debug|Any CPU
		{3BFEB5E2-ADC2-4D43-9D70-86DC595E30B7}.Release|Any CPU.ActiveCfg = Release|Any CPU
		{3BFEB5E2-ADC2-4D43-9D70-86DC595E30B7}.Release|Any CPU.Build.0 = Release|Any CPU
		{3BFEB5E2-ADC2-4D43-9D70-86DC595E30B7}.Release|ARM.ActiveCfg = Release|Any CPU
		{3BFEB5E2-ADC2-4D43-9D70-86DC595E30B7}.Release|ARM.Build.0 = Release|Any CPU
		{3BFEB5E2-ADC2-4D43-9D70-86DC595E30B7}.Release|ARM64.ActiveCfg = Release|Any CPU
		{3BFEB5E2-ADC2-4D43-9D70-86DC595E30B7}.Release|ARM64.Build.0 = Release|Any CPU
		{3BFEB5E2-ADC2-4D43-9D70-86DC595E30B7}.Release|x64.ActiveCfg = Release|Any CPU
		{3BFEB5E2-ADC2-4D43-9D70-86DC595E30B7}.Release|x64.Build.0 = Release|Any CPU
		{3BFEB5E2-ADC2-4D43-9D70-86DC595E30B7}.Release|x86.ActiveCfg = Release|Any CPU
		{3BFEB5E2-ADC2-4D43-9D70-86DC595E30B7}.Release|x86.Build.0 = Release|Any CPU
		{8926F141-7E2A-4215-946F-8B8655D7CB54}.Debug|Any CPU.ActiveCfg = Debug|Any CPU
		{8926F141-7E2A-4215-946F-8B8655D7CB54}.Debug|Any CPU.Build.0 = Debug|Any CPU
		{8926F141-7E2A-4215-946F-8B8655D7CB54}.Debug|ARM.ActiveCfg = Debug|Any CPU
		{8926F141-7E2A-4215-946F-8B8655D7CB54}.Debug|ARM.Build.0 = Debug|Any CPU
		{8926F141-7E2A-4215-946F-8B8655D7CB54}.Debug|ARM64.ActiveCfg = Debug|Any CPU
		{8926F141-7E2A-4215-946F-8B8655D7CB54}.Debug|ARM64.Build.0 = Debug|Any CPU
		{8926F141-7E2A-4215-946F-8B8655D7CB54}.Debug|x64.ActiveCfg = Debug|Any CPU
		{8926F141-7E2A-4215-946F-8B8655D7CB54}.Debug|x64.Build.0 = Debug|Any CPU
		{8926F141-7E2A-4215-946F-8B8655D7CB54}.Debug|x86.ActiveCfg = Debug|Any CPU
		{8926F141-7E2A-4215-946F-8B8655D7CB54}.Debug|x86.Build.0 = Debug|Any CPU
		{8926F141-7E2A-4215-946F-8B8655D7CB54}.Release|Any CPU.ActiveCfg = Release|Any CPU
		{8926F141-7E2A-4215-946F-8B8655D7CB54}.Release|Any CPU.Build.0 = Release|Any CPU
		{8926F141-7E2A-4215-946F-8B8655D7CB54}.Release|ARM.ActiveCfg = Release|Any CPU
		{8926F141-7E2A-4215-946F-8B8655D7CB54}.Release|ARM.Build.0 = Release|Any CPU
		{8926F141-7E2A-4215-946F-8B8655D7CB54}.Release|ARM64.ActiveCfg = Release|Any CPU
		{8926F141-7E2A-4215-946F-8B8655D7CB54}.Release|ARM64.Build.0 = Release|Any CPU
		{8926F141-7E2A-4215-946F-8B8655D7CB54}.Release|x64.ActiveCfg = Release|Any CPU
		{8926F141-7E2A-4215-946F-8B8655D7CB54}.Release|x64.Build.0 = Release|Any CPU
		{8926F141-7E2A-4215-946F-8B8655D7CB54}.Release|x86.ActiveCfg = Release|Any CPU
		{8926F141-7E2A-4215-946F-8B8655D7CB54}.Release|x86.Build.0 = Release|Any CPU
		{81E16113-C938-43D5-BEC4-8C7EA0A11D7F}.Debug|Any CPU.ActiveCfg = Debug|Any CPU
		{81E16113-C938-43D5-BEC4-8C7EA0A11D7F}.Debug|Any CPU.Build.0 = Debug|Any CPU
		{81E16113-C938-43D5-BEC4-8C7EA0A11D7F}.Debug|ARM.ActiveCfg = Debug|Any CPU
		{81E16113-C938-43D5-BEC4-8C7EA0A11D7F}.Debug|ARM.Build.0 = Debug|Any CPU
		{81E16113-C938-43D5-BEC4-8C7EA0A11D7F}.Debug|ARM64.ActiveCfg = Debug|Any CPU
		{81E16113-C938-43D5-BEC4-8C7EA0A11D7F}.Debug|ARM64.Build.0 = Debug|Any CPU
		{81E16113-C938-43D5-BEC4-8C7EA0A11D7F}.Debug|x64.ActiveCfg = Debug|Any CPU
		{81E16113-C938-43D5-BEC4-8C7EA0A11D7F}.Debug|x64.Build.0 = Debug|Any CPU
		{81E16113-C938-43D5-BEC4-8C7EA0A11D7F}.Debug|x86.ActiveCfg = Debug|Any CPU
		{81E16113-C938-43D5-BEC4-8C7EA0A11D7F}.Debug|x86.Build.0 = Debug|Any CPU
		{81E16113-C938-43D5-BEC4-8C7EA0A11D7F}.Release|Any CPU.ActiveCfg = Release|Any CPU
		{81E16113-C938-43D5-BEC4-8C7EA0A11D7F}.Release|Any CPU.Build.0 = Release|Any CPU
		{81E16113-C938-43D5-BEC4-8C7EA0A11D7F}.Release|ARM.ActiveCfg = Release|Any CPU
		{81E16113-C938-43D5-BEC4-8C7EA0A11D7F}.Release|ARM.Build.0 = Release|Any CPU
		{81E16113-C938-43D5-BEC4-8C7EA0A11D7F}.Release|ARM64.ActiveCfg = Release|Any CPU
		{81E16113-C938-43D5-BEC4-8C7EA0A11D7F}.Release|ARM64.Build.0 = Release|Any CPU
		{81E16113-C938-43D5-BEC4-8C7EA0A11D7F}.Release|x64.ActiveCfg = Release|Any CPU
		{81E16113-C938-43D5-BEC4-8C7EA0A11D7F}.Release|x64.Build.0 = Release|Any CPU
		{81E16113-C938-43D5-BEC4-8C7EA0A11D7F}.Release|x86.ActiveCfg = Release|Any CPU
		{81E16113-C938-43D5-BEC4-8C7EA0A11D7F}.Release|x86.Build.0 = Release|Any CPU
		{E6CFAB17-C295-4342-9B00-1263A2C45361}.Debug|Any CPU.ActiveCfg = Debug|Any CPU
		{E6CFAB17-C295-4342-9B00-1263A2C45361}.Debug|Any CPU.Build.0 = Debug|Any CPU
		{E6CFAB17-C295-4342-9B00-1263A2C45361}.Debug|ARM.ActiveCfg = Debug|Any CPU
		{E6CFAB17-C295-4342-9B00-1263A2C45361}.Debug|ARM.Build.0 = Debug|Any CPU
		{E6CFAB17-C295-4342-9B00-1263A2C45361}.Debug|ARM64.ActiveCfg = Debug|Any CPU
		{E6CFAB17-C295-4342-9B00-1263A2C45361}.Debug|ARM64.Build.0 = Debug|Any CPU
		{E6CFAB17-C295-4342-9B00-1263A2C45361}.Debug|x64.ActiveCfg = Debug|Any CPU
		{E6CFAB17-C295-4342-9B00-1263A2C45361}.Debug|x64.Build.0 = Debug|Any CPU
		{E6CFAB17-C295-4342-9B00-1263A2C45361}.Debug|x86.ActiveCfg = Debug|Any CPU
		{E6CFAB17-C295-4342-9B00-1263A2C45361}.Debug|x86.Build.0 = Debug|Any CPU
		{E6CFAB17-C295-4342-9B00-1263A2C45361}.Release|Any CPU.ActiveCfg = Release|Any CPU
		{E6CFAB17-C295-4342-9B00-1263A2C45361}.Release|Any CPU.Build.0 = Release|Any CPU
		{E6CFAB17-C295-4342-9B00-1263A2C45361}.Release|ARM.ActiveCfg = Release|Any CPU
		{E6CFAB17-C295-4342-9B00-1263A2C45361}.Release|ARM.Build.0 = Release|Any CPU
		{E6CFAB17-C295-4342-9B00-1263A2C45361}.Release|ARM64.ActiveCfg = Release|Any CPU
		{E6CFAB17-C295-4342-9B00-1263A2C45361}.Release|ARM64.Build.0 = Release|Any CPU
		{E6CFAB17-C295-4342-9B00-1263A2C45361}.Release|x64.ActiveCfg = Release|Any CPU
		{E6CFAB17-C295-4342-9B00-1263A2C45361}.Release|x64.Build.0 = Release|Any CPU
		{E6CFAB17-C295-4342-9B00-1263A2C45361}.Release|x86.ActiveCfg = Release|Any CPU
		{E6CFAB17-C295-4342-9B00-1263A2C45361}.Release|x86.Build.0 = Release|Any CPU
		{17E1BC6B-2BEA-4DC3-98B9-F1A6E1C743D1}.Debug|Any CPU.ActiveCfg = Debug|Any CPU
		{17E1BC6B-2BEA-4DC3-98B9-F1A6E1C743D1}.Debug|Any CPU.Build.0 = Debug|Any CPU
		{17E1BC6B-2BEA-4DC3-98B9-F1A6E1C743D1}.Debug|ARM.ActiveCfg = Debug|Any CPU
		{17E1BC6B-2BEA-4DC3-98B9-F1A6E1C743D1}.Debug|ARM.Build.0 = Debug|Any CPU
		{17E1BC6B-2BEA-4DC3-98B9-F1A6E1C743D1}.Debug|ARM64.ActiveCfg = Debug|Any CPU
		{17E1BC6B-2BEA-4DC3-98B9-F1A6E1C743D1}.Debug|ARM64.Build.0 = Debug|Any CPU
		{17E1BC6B-2BEA-4DC3-98B9-F1A6E1C743D1}.Debug|x64.ActiveCfg = Debug|Any CPU
		{17E1BC6B-2BEA-4DC3-98B9-F1A6E1C743D1}.Debug|x64.Build.0 = Debug|Any CPU
		{17E1BC6B-2BEA-4DC3-98B9-F1A6E1C743D1}.Debug|x86.ActiveCfg = Debug|Any CPU
		{17E1BC6B-2BEA-4DC3-98B9-F1A6E1C743D1}.Debug|x86.Build.0 = Debug|Any CPU
		{17E1BC6B-2BEA-4DC3-98B9-F1A6E1C743D1}.Release|Any CPU.ActiveCfg = Release|Any CPU
		{17E1BC6B-2BEA-4DC3-98B9-F1A6E1C743D1}.Release|Any CPU.Build.0 = Release|Any CPU
		{17E1BC6B-2BEA-4DC3-98B9-F1A6E1C743D1}.Release|ARM.ActiveCfg = Release|Any CPU
		{17E1BC6B-2BEA-4DC3-98B9-F1A6E1C743D1}.Release|ARM.Build.0 = Release|Any CPU
		{17E1BC6B-2BEA-4DC3-98B9-F1A6E1C743D1}.Release|ARM64.ActiveCfg = Release|Any CPU
		{17E1BC6B-2BEA-4DC3-98B9-F1A6E1C743D1}.Release|ARM64.Build.0 = Release|Any CPU
		{17E1BC6B-2BEA-4DC3-98B9-F1A6E1C743D1}.Release|x64.ActiveCfg = Release|Any CPU
		{17E1BC6B-2BEA-4DC3-98B9-F1A6E1C743D1}.Release|x64.Build.0 = Release|Any CPU
		{17E1BC6B-2BEA-4DC3-98B9-F1A6E1C743D1}.Release|x86.ActiveCfg = Release|Any CPU
		{17E1BC6B-2BEA-4DC3-98B9-F1A6E1C743D1}.Release|x86.Build.0 = Release|Any CPU
		{08189FEB-3E7A-4C10-8088-3732BC8AC883}.Debug|Any CPU.ActiveCfg = Debug|Any CPU
		{08189FEB-3E7A-4C10-8088-3732BC8AC883}.Debug|Any CPU.Build.0 = Debug|Any CPU
		{08189FEB-3E7A-4C10-8088-3732BC8AC883}.Debug|ARM.ActiveCfg = Debug|Any CPU
		{08189FEB-3E7A-4C10-8088-3732BC8AC883}.Debug|ARM.Build.0 = Debug|Any CPU
		{08189FEB-3E7A-4C10-8088-3732BC8AC883}.Debug|ARM64.ActiveCfg = Debug|Any CPU
		{08189FEB-3E7A-4C10-8088-3732BC8AC883}.Debug|ARM64.Build.0 = Debug|Any CPU
		{08189FEB-3E7A-4C10-8088-3732BC8AC883}.Debug|x64.ActiveCfg = Debug|Any CPU
		{08189FEB-3E7A-4C10-8088-3732BC8AC883}.Debug|x64.Build.0 = Debug|Any CPU
		{08189FEB-3E7A-4C10-8088-3732BC8AC883}.Debug|x86.ActiveCfg = Debug|Any CPU
		{08189FEB-3E7A-4C10-8088-3732BC8AC883}.Debug|x86.Build.0 = Debug|Any CPU
		{08189FEB-3E7A-4C10-8088-3732BC8AC883}.Release|Any CPU.ActiveCfg = Release|Any CPU
		{08189FEB-3E7A-4C10-8088-3732BC8AC883}.Release|Any CPU.Build.0 = Release|Any CPU
		{08189FEB-3E7A-4C10-8088-3732BC8AC883}.Release|ARM.ActiveCfg = Release|Any CPU
		{08189FEB-3E7A-4C10-8088-3732BC8AC883}.Release|ARM.Build.0 = Release|Any CPU
		{08189FEB-3E7A-4C10-8088-3732BC8AC883}.Release|ARM64.ActiveCfg = Release|Any CPU
		{08189FEB-3E7A-4C10-8088-3732BC8AC883}.Release|ARM64.Build.0 = Release|Any CPU
		{08189FEB-3E7A-4C10-8088-3732BC8AC883}.Release|x64.ActiveCfg = Release|Any CPU
		{08189FEB-3E7A-4C10-8088-3732BC8AC883}.Release|x64.Build.0 = Release|Any CPU
		{08189FEB-3E7A-4C10-8088-3732BC8AC883}.Release|x86.ActiveCfg = Release|Any CPU
		{08189FEB-3E7A-4C10-8088-3732BC8AC883}.Release|x86.Build.0 = Release|Any CPU
		{7B0AC178-3FE5-495B-A9F8-14A466D10019}.Debug|Any CPU.ActiveCfg = Debug|Any CPU
		{7B0AC178-3FE5-495B-A9F8-14A466D10019}.Debug|Any CPU.Build.0 = Debug|Any CPU
		{7B0AC178-3FE5-495B-A9F8-14A466D10019}.Debug|ARM.ActiveCfg = Debug|Any CPU
		{7B0AC178-3FE5-495B-A9F8-14A466D10019}.Debug|ARM.Build.0 = Debug|Any CPU
		{7B0AC178-3FE5-495B-A9F8-14A466D10019}.Debug|ARM64.ActiveCfg = Debug|Any CPU
		{7B0AC178-3FE5-495B-A9F8-14A466D10019}.Debug|ARM64.Build.0 = Debug|Any CPU
		{7B0AC178-3FE5-495B-A9F8-14A466D10019}.Debug|x64.ActiveCfg = Debug|Any CPU
		{7B0AC178-3FE5-495B-A9F8-14A466D10019}.Debug|x64.Build.0 = Debug|Any CPU
		{7B0AC178-3FE5-495B-A9F8-14A466D10019}.Debug|x86.ActiveCfg = Debug|Any CPU
		{7B0AC178-3FE5-495B-A9F8-14A466D10019}.Debug|x86.Build.0 = Debug|Any CPU
		{7B0AC178-3FE5-495B-A9F8-14A466D10019}.Release|Any CPU.ActiveCfg = Release|Any CPU
		{7B0AC178-3FE5-495B-A9F8-14A466D10019}.Release|Any CPU.Build.0 = Release|Any CPU
		{7B0AC178-3FE5-495B-A9F8-14A466D10019}.Release|ARM.ActiveCfg = Release|Any CPU
		{7B0AC178-3FE5-495B-A9F8-14A466D10019}.Release|ARM.Build.0 = Release|Any CPU
		{7B0AC178-3FE5-495B-A9F8-14A466D10019}.Release|ARM64.ActiveCfg = Release|Any CPU
		{7B0AC178-3FE5-495B-A9F8-14A466D10019}.Release|ARM64.Build.0 = Release|Any CPU
		{7B0AC178-3FE5-495B-A9F8-14A466D10019}.Release|x64.ActiveCfg = Release|Any CPU
		{7B0AC178-3FE5-495B-A9F8-14A466D10019}.Release|x64.Build.0 = Release|Any CPU
		{7B0AC178-3FE5-495B-A9F8-14A466D10019}.Release|x86.ActiveCfg = Release|Any CPU
		{7B0AC178-3FE5-495B-A9F8-14A466D10019}.Release|x86.Build.0 = Release|Any CPU
		{123F4B59-13D5-4FA1-B42D-C17506C2CA4A}.Debug|Any CPU.ActiveCfg = Debug|Any CPU
		{123F4B59-13D5-4FA1-B42D-C17506C2CA4A}.Debug|Any CPU.Build.0 = Debug|Any CPU
		{123F4B59-13D5-4FA1-B42D-C17506C2CA4A}.Debug|ARM.ActiveCfg = Debug|Any CPU
		{123F4B59-13D5-4FA1-B42D-C17506C2CA4A}.Debug|ARM.Build.0 = Debug|Any CPU
		{123F4B59-13D5-4FA1-B42D-C17506C2CA4A}.Debug|ARM64.ActiveCfg = Debug|Any CPU
		{123F4B59-13D5-4FA1-B42D-C17506C2CA4A}.Debug|ARM64.Build.0 = Debug|Any CPU
		{123F4B59-13D5-4FA1-B42D-C17506C2CA4A}.Debug|x64.ActiveCfg = Debug|Any CPU
		{123F4B59-13D5-4FA1-B42D-C17506C2CA4A}.Debug|x64.Build.0 = Debug|Any CPU
		{123F4B59-13D5-4FA1-B42D-C17506C2CA4A}.Debug|x86.ActiveCfg = Debug|Any CPU
		{123F4B59-13D5-4FA1-B42D-C17506C2CA4A}.Debug|x86.Build.0 = Debug|Any CPU
		{123F4B59-13D5-4FA1-B42D-C17506C2CA4A}.Release|Any CPU.ActiveCfg = Release|Any CPU
		{123F4B59-13D5-4FA1-B42D-C17506C2CA4A}.Release|Any CPU.Build.0 = Release|Any CPU
		{123F4B59-13D5-4FA1-B42D-C17506C2CA4A}.Release|ARM.ActiveCfg = Release|Any CPU
		{123F4B59-13D5-4FA1-B42D-C17506C2CA4A}.Release|ARM.Build.0 = Release|Any CPU
		{123F4B59-13D5-4FA1-B42D-C17506C2CA4A}.Release|ARM64.ActiveCfg = Release|Any CPU
		{123F4B59-13D5-4FA1-B42D-C17506C2CA4A}.Release|ARM64.Build.0 = Release|Any CPU
		{123F4B59-13D5-4FA1-B42D-C17506C2CA4A}.Release|x64.ActiveCfg = Release|Any CPU
		{123F4B59-13D5-4FA1-B42D-C17506C2CA4A}.Release|x64.Build.0 = Release|Any CPU
		{123F4B59-13D5-4FA1-B42D-C17506C2CA4A}.Release|x86.ActiveCfg = Release|Any CPU
		{123F4B59-13D5-4FA1-B42D-C17506C2CA4A}.Release|x86.Build.0 = Release|Any CPU
		{32BC4D58-7FC1-4860-ADEC-FD0EF789C765}.Debug|Any CPU.ActiveCfg = Debug|Any CPU
		{32BC4D58-7FC1-4860-ADEC-FD0EF789C765}.Debug|Any CPU.Build.0 = Debug|Any CPU
		{32BC4D58-7FC1-4860-ADEC-FD0EF789C765}.Debug|ARM.ActiveCfg = Debug|Any CPU
		{32BC4D58-7FC1-4860-ADEC-FD0EF789C765}.Debug|ARM.Build.0 = Debug|Any CPU
		{32BC4D58-7FC1-4860-ADEC-FD0EF789C765}.Debug|ARM64.ActiveCfg = Debug|Any CPU
		{32BC4D58-7FC1-4860-ADEC-FD0EF789C765}.Debug|ARM64.Build.0 = Debug|Any CPU
		{32BC4D58-7FC1-4860-ADEC-FD0EF789C765}.Debug|x64.ActiveCfg = Debug|Any CPU
		{32BC4D58-7FC1-4860-ADEC-FD0EF789C765}.Debug|x64.Build.0 = Debug|Any CPU
		{32BC4D58-7FC1-4860-ADEC-FD0EF789C765}.Debug|x86.ActiveCfg = Debug|Any CPU
		{32BC4D58-7FC1-4860-ADEC-FD0EF789C765}.Debug|x86.Build.0 = Debug|Any CPU
		{32BC4D58-7FC1-4860-ADEC-FD0EF789C765}.Release|Any CPU.ActiveCfg = Release|Any CPU
		{32BC4D58-7FC1-4860-ADEC-FD0EF789C765}.Release|Any CPU.Build.0 = Release|Any CPU
		{32BC4D58-7FC1-4860-ADEC-FD0EF789C765}.Release|ARM.ActiveCfg = Release|Any CPU
		{32BC4D58-7FC1-4860-ADEC-FD0EF789C765}.Release|ARM.Build.0 = Release|Any CPU
		{32BC4D58-7FC1-4860-ADEC-FD0EF789C765}.Release|ARM64.ActiveCfg = Release|Any CPU
		{32BC4D58-7FC1-4860-ADEC-FD0EF789C765}.Release|ARM64.Build.0 = Release|Any CPU
		{32BC4D58-7FC1-4860-ADEC-FD0EF789C765}.Release|x64.ActiveCfg = Release|Any CPU
		{32BC4D58-7FC1-4860-ADEC-FD0EF789C765}.Release|x64.Build.0 = Release|Any CPU
		{32BC4D58-7FC1-4860-ADEC-FD0EF789C765}.Release|x86.ActiveCfg = Release|Any CPU
		{32BC4D58-7FC1-4860-ADEC-FD0EF789C765}.Release|x86.Build.0 = Release|Any CPU
		{FD7C2BB5-39DB-4CDE-BE1F-CFF3BDAB540A}.Debug|Any CPU.ActiveCfg = Debug|Any CPU
		{FD7C2BB5-39DB-4CDE-BE1F-CFF3BDAB540A}.Debug|Any CPU.Build.0 = Debug|Any CPU
		{FD7C2BB5-39DB-4CDE-BE1F-CFF3BDAB540A}.Debug|ARM.ActiveCfg = Debug|Any CPU
		{FD7C2BB5-39DB-4CDE-BE1F-CFF3BDAB540A}.Debug|ARM.Build.0 = Debug|Any CPU
		{FD7C2BB5-39DB-4CDE-BE1F-CFF3BDAB540A}.Debug|ARM64.ActiveCfg = Debug|Any CPU
		{FD7C2BB5-39DB-4CDE-BE1F-CFF3BDAB540A}.Debug|ARM64.Build.0 = Debug|Any CPU
		{FD7C2BB5-39DB-4CDE-BE1F-CFF3BDAB540A}.Debug|x64.ActiveCfg = Debug|Any CPU
		{FD7C2BB5-39DB-4CDE-BE1F-CFF3BDAB540A}.Debug|x64.Build.0 = Debug|Any CPU
		{FD7C2BB5-39DB-4CDE-BE1F-CFF3BDAB540A}.Debug|x86.ActiveCfg = Debug|Any CPU
		{FD7C2BB5-39DB-4CDE-BE1F-CFF3BDAB540A}.Debug|x86.Build.0 = Debug|Any CPU
		{FD7C2BB5-39DB-4CDE-BE1F-CFF3BDAB540A}.Release|Any CPU.ActiveCfg = Release|Any CPU
		{FD7C2BB5-39DB-4CDE-BE1F-CFF3BDAB540A}.Release|Any CPU.Build.0 = Release|Any CPU
		{FD7C2BB5-39DB-4CDE-BE1F-CFF3BDAB540A}.Release|ARM.ActiveCfg = Release|Any CPU
		{FD7C2BB5-39DB-4CDE-BE1F-CFF3BDAB540A}.Release|ARM.Build.0 = Release|Any CPU
		{FD7C2BB5-39DB-4CDE-BE1F-CFF3BDAB540A}.Release|ARM64.ActiveCfg = Release|Any CPU
		{FD7C2BB5-39DB-4CDE-BE1F-CFF3BDAB540A}.Release|ARM64.Build.0 = Release|Any CPU
		{FD7C2BB5-39DB-4CDE-BE1F-CFF3BDAB540A}.Release|x64.ActiveCfg = Release|Any CPU
		{FD7C2BB5-39DB-4CDE-BE1F-CFF3BDAB540A}.Release|x64.Build.0 = Release|Any CPU
		{FD7C2BB5-39DB-4CDE-BE1F-CFF3BDAB540A}.Release|x86.ActiveCfg = Release|Any CPU
		{FD7C2BB5-39DB-4CDE-BE1F-CFF3BDAB540A}.Release|x86.Build.0 = Release|Any CPU
		{817AB2D1-B6CB-4C95-AFF0-028B1A2D6909}.Debug|Any CPU.ActiveCfg = Debug|Any CPU
		{817AB2D1-B6CB-4C95-AFF0-028B1A2D6909}.Debug|Any CPU.Build.0 = Debug|Any CPU
		{817AB2D1-B6CB-4C95-AFF0-028B1A2D6909}.Debug|ARM.ActiveCfg = Debug|Any CPU
		{817AB2D1-B6CB-4C95-AFF0-028B1A2D6909}.Debug|ARM.Build.0 = Debug|Any CPU
		{817AB2D1-B6CB-4C95-AFF0-028B1A2D6909}.Debug|ARM64.ActiveCfg = Debug|Any CPU
		{817AB2D1-B6CB-4C95-AFF0-028B1A2D6909}.Debug|ARM64.Build.0 = Debug|Any CPU
		{817AB2D1-B6CB-4C95-AFF0-028B1A2D6909}.Debug|x64.ActiveCfg = Debug|Any CPU
		{817AB2D1-B6CB-4C95-AFF0-028B1A2D6909}.Debug|x64.Build.0 = Debug|Any CPU
		{817AB2D1-B6CB-4C95-AFF0-028B1A2D6909}.Debug|x86.ActiveCfg = Debug|Any CPU
		{817AB2D1-B6CB-4C95-AFF0-028B1A2D6909}.Debug|x86.Build.0 = Debug|Any CPU
		{817AB2D1-B6CB-4C95-AFF0-028B1A2D6909}.Release|Any CPU.ActiveCfg = Release|Any CPU
		{817AB2D1-B6CB-4C95-AFF0-028B1A2D6909}.Release|Any CPU.Build.0 = Release|Any CPU
		{817AB2D1-B6CB-4C95-AFF0-028B1A2D6909}.Release|ARM.ActiveCfg = Release|Any CPU
		{817AB2D1-B6CB-4C95-AFF0-028B1A2D6909}.Release|ARM.Build.0 = Release|Any CPU
		{817AB2D1-B6CB-4C95-AFF0-028B1A2D6909}.Release|ARM64.ActiveCfg = Release|Any CPU
		{817AB2D1-B6CB-4C95-AFF0-028B1A2D6909}.Release|ARM64.Build.0 = Release|Any CPU
		{817AB2D1-B6CB-4C95-AFF0-028B1A2D6909}.Release|x64.ActiveCfg = Release|Any CPU
		{817AB2D1-B6CB-4C95-AFF0-028B1A2D6909}.Release|x64.Build.0 = Release|Any CPU
		{817AB2D1-B6CB-4C95-AFF0-028B1A2D6909}.Release|x86.ActiveCfg = Release|Any CPU
		{817AB2D1-B6CB-4C95-AFF0-028B1A2D6909}.Release|x86.Build.0 = Release|Any CPU
		{FE86F198-AC3F-4EE1-BF13-28F3DA31CC5D}.Debug|Any CPU.ActiveCfg = Debug|Any CPU
		{FE86F198-AC3F-4EE1-BF13-28F3DA31CC5D}.Debug|Any CPU.Build.0 = Debug|Any CPU
		{FE86F198-AC3F-4EE1-BF13-28F3DA31CC5D}.Debug|ARM.ActiveCfg = Debug|Any CPU
		{FE86F198-AC3F-4EE1-BF13-28F3DA31CC5D}.Debug|ARM.Build.0 = Debug|Any CPU
		{FE86F198-AC3F-4EE1-BF13-28F3DA31CC5D}.Debug|ARM64.ActiveCfg = Debug|Any CPU
		{FE86F198-AC3F-4EE1-BF13-28F3DA31CC5D}.Debug|ARM64.Build.0 = Debug|Any CPU
		{FE86F198-AC3F-4EE1-BF13-28F3DA31CC5D}.Debug|x64.ActiveCfg = Debug|Any CPU
		{FE86F198-AC3F-4EE1-BF13-28F3DA31CC5D}.Debug|x64.Build.0 = Debug|Any CPU
		{FE86F198-AC3F-4EE1-BF13-28F3DA31CC5D}.Debug|x86.ActiveCfg = Debug|Any CPU
		{FE86F198-AC3F-4EE1-BF13-28F3DA31CC5D}.Debug|x86.Build.0 = Debug|Any CPU
		{FE86F198-AC3F-4EE1-BF13-28F3DA31CC5D}.Release|Any CPU.ActiveCfg = Release|Any CPU
		{FE86F198-AC3F-4EE1-BF13-28F3DA31CC5D}.Release|Any CPU.Build.0 = Release|Any CPU
		{FE86F198-AC3F-4EE1-BF13-28F3DA31CC5D}.Release|ARM.ActiveCfg = Release|Any CPU
		{FE86F198-AC3F-4EE1-BF13-28F3DA31CC5D}.Release|ARM.Build.0 = Release|Any CPU
		{FE86F198-AC3F-4EE1-BF13-28F3DA31CC5D}.Release|ARM64.ActiveCfg = Release|Any CPU
		{FE86F198-AC3F-4EE1-BF13-28F3DA31CC5D}.Release|ARM64.Build.0 = Release|Any CPU
		{FE86F198-AC3F-4EE1-BF13-28F3DA31CC5D}.Release|x64.ActiveCfg = Release|Any CPU
		{FE86F198-AC3F-4EE1-BF13-28F3DA31CC5D}.Release|x64.Build.0 = Release|Any CPU
		{FE86F198-AC3F-4EE1-BF13-28F3DA31CC5D}.Release|x86.ActiveCfg = Release|Any CPU
		{FE86F198-AC3F-4EE1-BF13-28F3DA31CC5D}.Release|x86.Build.0 = Release|Any CPU
		{F19F215A-2BCC-4406-BC56-FF448126E14D}.Debug|Any CPU.ActiveCfg = Debug|Any CPU
		{F19F215A-2BCC-4406-BC56-FF448126E14D}.Debug|Any CPU.Build.0 = Debug|Any CPU
		{F19F215A-2BCC-4406-BC56-FF448126E14D}.Debug|ARM.ActiveCfg = Debug|Any CPU
		{F19F215A-2BCC-4406-BC56-FF448126E14D}.Debug|ARM.Build.0 = Debug|Any CPU
		{F19F215A-2BCC-4406-BC56-FF448126E14D}.Debug|ARM64.ActiveCfg = Debug|Any CPU
		{F19F215A-2BCC-4406-BC56-FF448126E14D}.Debug|ARM64.Build.0 = Debug|Any CPU
		{F19F215A-2BCC-4406-BC56-FF448126E14D}.Debug|x64.ActiveCfg = Debug|Any CPU
		{F19F215A-2BCC-4406-BC56-FF448126E14D}.Debug|x64.Build.0 = Debug|Any CPU
		{F19F215A-2BCC-4406-BC56-FF448126E14D}.Debug|x86.ActiveCfg = Debug|Any CPU
		{F19F215A-2BCC-4406-BC56-FF448126E14D}.Debug|x86.Build.0 = Debug|Any CPU
		{F19F215A-2BCC-4406-BC56-FF448126E14D}.Release|Any CPU.ActiveCfg = Release|Any CPU
		{F19F215A-2BCC-4406-BC56-FF448126E14D}.Release|Any CPU.Build.0 = Release|Any CPU
		{F19F215A-2BCC-4406-BC56-FF448126E14D}.Release|ARM.ActiveCfg = Release|Any CPU
		{F19F215A-2BCC-4406-BC56-FF448126E14D}.Release|ARM.Build.0 = Release|Any CPU
		{F19F215A-2BCC-4406-BC56-FF448126E14D}.Release|ARM64.ActiveCfg = Release|Any CPU
		{F19F215A-2BCC-4406-BC56-FF448126E14D}.Release|ARM64.Build.0 = Release|Any CPU
		{F19F215A-2BCC-4406-BC56-FF448126E14D}.Release|x64.ActiveCfg = Release|Any CPU
		{F19F215A-2BCC-4406-BC56-FF448126E14D}.Release|x64.Build.0 = Release|Any CPU
		{F19F215A-2BCC-4406-BC56-FF448126E14D}.Release|x86.ActiveCfg = Release|Any CPU
		{F19F215A-2BCC-4406-BC56-FF448126E14D}.Release|x86.Build.0 = Release|Any CPU
		{A00480B4-DDDA-4790-8F7D-C9840E8F53C2}.Debug|Any CPU.ActiveCfg = Debug|Any CPU
		{A00480B4-DDDA-4790-8F7D-C9840E8F53C2}.Debug|Any CPU.Build.0 = Debug|Any CPU
		{A00480B4-DDDA-4790-8F7D-C9840E8F53C2}.Debug|ARM.ActiveCfg = Debug|Any CPU
		{A00480B4-DDDA-4790-8F7D-C9840E8F53C2}.Debug|ARM.Build.0 = Debug|Any CPU
		{A00480B4-DDDA-4790-8F7D-C9840E8F53C2}.Debug|ARM64.ActiveCfg = Debug|Any CPU
		{A00480B4-DDDA-4790-8F7D-C9840E8F53C2}.Debug|ARM64.Build.0 = Debug|Any CPU
		{A00480B4-DDDA-4790-8F7D-C9840E8F53C2}.Debug|x64.ActiveCfg = Debug|Any CPU
		{A00480B4-DDDA-4790-8F7D-C9840E8F53C2}.Debug|x64.Build.0 = Debug|Any CPU
		{A00480B4-DDDA-4790-8F7D-C9840E8F53C2}.Debug|x86.ActiveCfg = Debug|Any CPU
		{A00480B4-DDDA-4790-8F7D-C9840E8F53C2}.Debug|x86.Build.0 = Debug|Any CPU
		{A00480B4-DDDA-4790-8F7D-C9840E8F53C2}.Release|Any CPU.ActiveCfg = Release|Any CPU
		{A00480B4-DDDA-4790-8F7D-C9840E8F53C2}.Release|Any CPU.Build.0 = Release|Any CPU
		{A00480B4-DDDA-4790-8F7D-C9840E8F53C2}.Release|ARM.ActiveCfg = Release|Any CPU
		{A00480B4-DDDA-4790-8F7D-C9840E8F53C2}.Release|ARM.Build.0 = Release|Any CPU
		{A00480B4-DDDA-4790-8F7D-C9840E8F53C2}.Release|ARM64.ActiveCfg = Release|Any CPU
		{A00480B4-DDDA-4790-8F7D-C9840E8F53C2}.Release|ARM64.Build.0 = Release|Any CPU
		{A00480B4-DDDA-4790-8F7D-C9840E8F53C2}.Release|x64.ActiveCfg = Release|Any CPU
		{A00480B4-DDDA-4790-8F7D-C9840E8F53C2}.Release|x64.Build.0 = Release|Any CPU
		{A00480B4-DDDA-4790-8F7D-C9840E8F53C2}.Release|x86.ActiveCfg = Release|Any CPU
		{A00480B4-DDDA-4790-8F7D-C9840E8F53C2}.Release|x86.Build.0 = Release|Any CPU
		{7EA107D9-1EDD-41BB-8F92-D5E4C3602384}.Debug|Any CPU.ActiveCfg = Debug|Any CPU
		{7EA107D9-1EDD-41BB-8F92-D5E4C3602384}.Debug|Any CPU.Build.0 = Debug|Any CPU
		{7EA107D9-1EDD-41BB-8F92-D5E4C3602384}.Debug|ARM.ActiveCfg = Debug|Any CPU
		{7EA107D9-1EDD-41BB-8F92-D5E4C3602384}.Debug|ARM.Build.0 = Debug|Any CPU
		{7EA107D9-1EDD-41BB-8F92-D5E4C3602384}.Debug|ARM64.ActiveCfg = Debug|Any CPU
		{7EA107D9-1EDD-41BB-8F92-D5E4C3602384}.Debug|ARM64.Build.0 = Debug|Any CPU
		{7EA107D9-1EDD-41BB-8F92-D5E4C3602384}.Debug|x64.ActiveCfg = Debug|Any CPU
		{7EA107D9-1EDD-41BB-8F92-D5E4C3602384}.Debug|x64.Build.0 = Debug|Any CPU
		{7EA107D9-1EDD-41BB-8F92-D5E4C3602384}.Debug|x86.ActiveCfg = Debug|Any CPU
		{7EA107D9-1EDD-41BB-8F92-D5E4C3602384}.Debug|x86.Build.0 = Debug|Any CPU
		{7EA107D9-1EDD-41BB-8F92-D5E4C3602384}.Release|Any CPU.ActiveCfg = Release|Any CPU
		{7EA107D9-1EDD-41BB-8F92-D5E4C3602384}.Release|Any CPU.Build.0 = Release|Any CPU
		{7EA107D9-1EDD-41BB-8F92-D5E4C3602384}.Release|ARM.ActiveCfg = Release|Any CPU
		{7EA107D9-1EDD-41BB-8F92-D5E4C3602384}.Release|ARM.Build.0 = Release|Any CPU
		{7EA107D9-1EDD-41BB-8F92-D5E4C3602384}.Release|ARM64.ActiveCfg = Release|Any CPU
		{7EA107D9-1EDD-41BB-8F92-D5E4C3602384}.Release|ARM64.Build.0 = Release|Any CPU
		{7EA107D9-1EDD-41BB-8F92-D5E4C3602384}.Release|x64.ActiveCfg = Release|Any CPU
		{7EA107D9-1EDD-41BB-8F92-D5E4C3602384}.Release|x64.Build.0 = Release|Any CPU
		{7EA107D9-1EDD-41BB-8F92-D5E4C3602384}.Release|x86.ActiveCfg = Release|Any CPU
		{7EA107D9-1EDD-41BB-8F92-D5E4C3602384}.Release|x86.Build.0 = Release|Any CPU
		{341F2323-94D8-4205-9AC1-E7DAC50004A7}.Debug|Any CPU.ActiveCfg = Debug|Any CPU
		{341F2323-94D8-4205-9AC1-E7DAC50004A7}.Debug|Any CPU.Build.0 = Debug|Any CPU
		{341F2323-94D8-4205-9AC1-E7DAC50004A7}.Debug|ARM.ActiveCfg = Debug|Any CPU
		{341F2323-94D8-4205-9AC1-E7DAC50004A7}.Debug|ARM.Build.0 = Debug|Any CPU
		{341F2323-94D8-4205-9AC1-E7DAC50004A7}.Debug|ARM64.ActiveCfg = Debug|Any CPU
		{341F2323-94D8-4205-9AC1-E7DAC50004A7}.Debug|ARM64.Build.0 = Debug|Any CPU
		{341F2323-94D8-4205-9AC1-E7DAC50004A7}.Debug|x64.ActiveCfg = Debug|Any CPU
		{341F2323-94D8-4205-9AC1-E7DAC50004A7}.Debug|x64.Build.0 = Debug|Any CPU
		{341F2323-94D8-4205-9AC1-E7DAC50004A7}.Debug|x86.ActiveCfg = Debug|Any CPU
		{341F2323-94D8-4205-9AC1-E7DAC50004A7}.Debug|x86.Build.0 = Debug|Any CPU
		{341F2323-94D8-4205-9AC1-E7DAC50004A7}.Release|Any CPU.ActiveCfg = Release|Any CPU
		{341F2323-94D8-4205-9AC1-E7DAC50004A7}.Release|Any CPU.Build.0 = Release|Any CPU
		{341F2323-94D8-4205-9AC1-E7DAC50004A7}.Release|ARM.ActiveCfg = Release|Any CPU
		{341F2323-94D8-4205-9AC1-E7DAC50004A7}.Release|ARM.Build.0 = Release|Any CPU
		{341F2323-94D8-4205-9AC1-E7DAC50004A7}.Release|ARM64.ActiveCfg = Release|Any CPU
		{341F2323-94D8-4205-9AC1-E7DAC50004A7}.Release|ARM64.Build.0 = Release|Any CPU
		{341F2323-94D8-4205-9AC1-E7DAC50004A7}.Release|x64.ActiveCfg = Release|Any CPU
		{341F2323-94D8-4205-9AC1-E7DAC50004A7}.Release|x64.Build.0 = Release|Any CPU
		{341F2323-94D8-4205-9AC1-E7DAC50004A7}.Release|x86.ActiveCfg = Release|Any CPU
		{341F2323-94D8-4205-9AC1-E7DAC50004A7}.Release|x86.Build.0 = Release|Any CPU
		{9AE95BE1-2BCC-444E-9ADC-C7AC9D653A25}.Debug|Any CPU.ActiveCfg = Debug|x86
		{9AE95BE1-2BCC-444E-9ADC-C7AC9D653A25}.Debug|ARM.ActiveCfg = Debug|x86
		{9AE95BE1-2BCC-444E-9ADC-C7AC9D653A25}.Debug|ARM64.ActiveCfg = Debug|x86
		{9AE95BE1-2BCC-444E-9ADC-C7AC9D653A25}.Debug|x64.ActiveCfg = Debug|x86
		{9AE95BE1-2BCC-444E-9ADC-C7AC9D653A25}.Debug|x86.ActiveCfg = Debug|x86
		{9AE95BE1-2BCC-444E-9ADC-C7AC9D653A25}.Debug|x86.Build.0 = Debug|x86
		{9AE95BE1-2BCC-444E-9ADC-C7AC9D653A25}.Release|Any CPU.ActiveCfg = Release|x86
		{9AE95BE1-2BCC-444E-9ADC-C7AC9D653A25}.Release|ARM.ActiveCfg = Release|x86
		{9AE95BE1-2BCC-444E-9ADC-C7AC9D653A25}.Release|ARM64.ActiveCfg = Release|x86
		{9AE95BE1-2BCC-444E-9ADC-C7AC9D653A25}.Release|x64.ActiveCfg = Release|x86
		{9AE95BE1-2BCC-444E-9ADC-C7AC9D653A25}.Release|x86.ActiveCfg = Release|x86
		{9AE95BE1-2BCC-444E-9ADC-C7AC9D653A25}.Release|x86.Build.0 = Release|x86
		{684905A7-12E5-4BB5-B4F1-7797801851FD}.Debug|Any CPU.ActiveCfg = Debug|x86
		{684905A7-12E5-4BB5-B4F1-7797801851FD}.Debug|ARM.ActiveCfg = Debug|x86
		{684905A7-12E5-4BB5-B4F1-7797801851FD}.Debug|ARM64.ActiveCfg = Debug|x86
		{684905A7-12E5-4BB5-B4F1-7797801851FD}.Debug|x64.ActiveCfg = Debug|x86
		{684905A7-12E5-4BB5-B4F1-7797801851FD}.Debug|x86.ActiveCfg = Debug|x86
		{684905A7-12E5-4BB5-B4F1-7797801851FD}.Debug|x86.Build.0 = Debug|x86
		{684905A7-12E5-4BB5-B4F1-7797801851FD}.Release|Any CPU.ActiveCfg = Release|x86
		{684905A7-12E5-4BB5-B4F1-7797801851FD}.Release|ARM.ActiveCfg = Release|x86
		{684905A7-12E5-4BB5-B4F1-7797801851FD}.Release|ARM64.ActiveCfg = Release|x86
		{684905A7-12E5-4BB5-B4F1-7797801851FD}.Release|x64.ActiveCfg = Release|x64
		{684905A7-12E5-4BB5-B4F1-7797801851FD}.Release|x86.ActiveCfg = Release|x86
		{684905A7-12E5-4BB5-B4F1-7797801851FD}.Release|x86.Build.0 = Release|x86
		{411CEB05-2C2B-41EF-A322-AACD8084EF19}.Debug|Any CPU.ActiveCfg = Debug|Any CPU
		{411CEB05-2C2B-41EF-A322-AACD8084EF19}.Debug|Any CPU.Build.0 = Debug|Any CPU
		{411CEB05-2C2B-41EF-A322-AACD8084EF19}.Debug|ARM.ActiveCfg = Debug|Any CPU
		{411CEB05-2C2B-41EF-A322-AACD8084EF19}.Debug|ARM.Build.0 = Debug|Any CPU
		{411CEB05-2C2B-41EF-A322-AACD8084EF19}.Debug|ARM64.ActiveCfg = Debug|Any CPU
		{411CEB05-2C2B-41EF-A322-AACD8084EF19}.Debug|ARM64.Build.0 = Debug|Any CPU
		{411CEB05-2C2B-41EF-A322-AACD8084EF19}.Debug|x64.ActiveCfg = Debug|Any CPU
		{411CEB05-2C2B-41EF-A322-AACD8084EF19}.Debug|x64.Build.0 = Debug|Any CPU
		{411CEB05-2C2B-41EF-A322-AACD8084EF19}.Debug|x86.ActiveCfg = Debug|Any CPU
		{411CEB05-2C2B-41EF-A322-AACD8084EF19}.Debug|x86.Build.0 = Debug|Any CPU
		{411CEB05-2C2B-41EF-A322-AACD8084EF19}.Release|Any CPU.ActiveCfg = Release|Any CPU
		{411CEB05-2C2B-41EF-A322-AACD8084EF19}.Release|Any CPU.Build.0 = Release|Any CPU
		{411CEB05-2C2B-41EF-A322-AACD8084EF19}.Release|ARM.ActiveCfg = Release|Any CPU
		{411CEB05-2C2B-41EF-A322-AACD8084EF19}.Release|ARM.Build.0 = Release|Any CPU
		{411CEB05-2C2B-41EF-A322-AACD8084EF19}.Release|ARM64.ActiveCfg = Release|Any CPU
		{411CEB05-2C2B-41EF-A322-AACD8084EF19}.Release|ARM64.Build.0 = Release|Any CPU
		{411CEB05-2C2B-41EF-A322-AACD8084EF19}.Release|x64.ActiveCfg = Release|Any CPU
		{411CEB05-2C2B-41EF-A322-AACD8084EF19}.Release|x64.Build.0 = Release|Any CPU
		{411CEB05-2C2B-41EF-A322-AACD8084EF19}.Release|x86.ActiveCfg = Release|Any CPU
		{411CEB05-2C2B-41EF-A322-AACD8084EF19}.Release|x86.Build.0 = Release|Any CPU
		{96948D68-308F-4334-A2F9-BC3DE894FAB5}.Debug|Any CPU.ActiveCfg = Debug|Any CPU
		{96948D68-308F-4334-A2F9-BC3DE894FAB5}.Debug|Any CPU.Build.0 = Debug|Any CPU
		{96948D68-308F-4334-A2F9-BC3DE894FAB5}.Debug|ARM.ActiveCfg = Debug|Any CPU
		{96948D68-308F-4334-A2F9-BC3DE894FAB5}.Debug|ARM.Build.0 = Debug|Any CPU
		{96948D68-308F-4334-A2F9-BC3DE894FAB5}.Debug|ARM64.ActiveCfg = Debug|Any CPU
		{96948D68-308F-4334-A2F9-BC3DE894FAB5}.Debug|ARM64.Build.0 = Debug|Any CPU
		{96948D68-308F-4334-A2F9-BC3DE894FAB5}.Debug|x64.ActiveCfg = Debug|Any CPU
		{96948D68-308F-4334-A2F9-BC3DE894FAB5}.Debug|x64.Build.0 = Debug|Any CPU
		{96948D68-308F-4334-A2F9-BC3DE894FAB5}.Debug|x86.ActiveCfg = Debug|Any CPU
		{96948D68-308F-4334-A2F9-BC3DE894FAB5}.Debug|x86.Build.0 = Debug|Any CPU
		{96948D68-308F-4334-A2F9-BC3DE894FAB5}.Release|Any CPU.ActiveCfg = Release|Any CPU
		{96948D68-308F-4334-A2F9-BC3DE894FAB5}.Release|Any CPU.Build.0 = Release|Any CPU
		{96948D68-308F-4334-A2F9-BC3DE894FAB5}.Release|ARM.ActiveCfg = Release|Any CPU
		{96948D68-308F-4334-A2F9-BC3DE894FAB5}.Release|ARM.Build.0 = Release|Any CPU
		{96948D68-308F-4334-A2F9-BC3DE894FAB5}.Release|ARM64.ActiveCfg = Release|Any CPU
		{96948D68-308F-4334-A2F9-BC3DE894FAB5}.Release|ARM64.Build.0 = Release|Any CPU
		{96948D68-308F-4334-A2F9-BC3DE894FAB5}.Release|x64.ActiveCfg = Release|Any CPU
		{96948D68-308F-4334-A2F9-BC3DE894FAB5}.Release|x64.Build.0 = Release|Any CPU
		{96948D68-308F-4334-A2F9-BC3DE894FAB5}.Release|x86.ActiveCfg = Release|Any CPU
		{96948D68-308F-4334-A2F9-BC3DE894FAB5}.Release|x86.Build.0 = Release|Any CPU
		{CB34B771-A24C-4CD8-943C-1331BB3654E7}.Debug|Any CPU.ActiveCfg = Debug|Any CPU
		{CB34B771-A24C-4CD8-943C-1331BB3654E7}.Debug|Any CPU.Build.0 = Debug|Any CPU
		{CB34B771-A24C-4CD8-943C-1331BB3654E7}.Debug|ARM.ActiveCfg = Debug|Any CPU
		{CB34B771-A24C-4CD8-943C-1331BB3654E7}.Debug|ARM.Build.0 = Debug|Any CPU
		{CB34B771-A24C-4CD8-943C-1331BB3654E7}.Debug|ARM64.ActiveCfg = Debug|Any CPU
		{CB34B771-A24C-4CD8-943C-1331BB3654E7}.Debug|ARM64.Build.0 = Debug|Any CPU
		{CB34B771-A24C-4CD8-943C-1331BB3654E7}.Debug|x64.ActiveCfg = Debug|Any CPU
		{CB34B771-A24C-4CD8-943C-1331BB3654E7}.Debug|x64.Build.0 = Debug|Any CPU
		{CB34B771-A24C-4CD8-943C-1331BB3654E7}.Debug|x86.ActiveCfg = Debug|Any CPU
		{CB34B771-A24C-4CD8-943C-1331BB3654E7}.Debug|x86.Build.0 = Debug|Any CPU
		{CB34B771-A24C-4CD8-943C-1331BB3654E7}.Release|Any CPU.ActiveCfg = Release|Any CPU
		{CB34B771-A24C-4CD8-943C-1331BB3654E7}.Release|Any CPU.Build.0 = Release|Any CPU
		{CB34B771-A24C-4CD8-943C-1331BB3654E7}.Release|ARM.ActiveCfg = Release|Any CPU
		{CB34B771-A24C-4CD8-943C-1331BB3654E7}.Release|ARM.Build.0 = Release|Any CPU
		{CB34B771-A24C-4CD8-943C-1331BB3654E7}.Release|ARM64.ActiveCfg = Release|Any CPU
		{CB34B771-A24C-4CD8-943C-1331BB3654E7}.Release|ARM64.Build.0 = Release|Any CPU
		{CB34B771-A24C-4CD8-943C-1331BB3654E7}.Release|x64.ActiveCfg = Release|Any CPU
		{CB34B771-A24C-4CD8-943C-1331BB3654E7}.Release|x64.Build.0 = Release|Any CPU
		{CB34B771-A24C-4CD8-943C-1331BB3654E7}.Release|x86.ActiveCfg = Release|Any CPU
		{CB34B771-A24C-4CD8-943C-1331BB3654E7}.Release|x86.Build.0 = Release|Any CPU
		{258921DE-2586-4E54-B545-D304615FB6B1}.Debug|Any CPU.ActiveCfg = Debug|Any CPU
		{258921DE-2586-4E54-B545-D304615FB6B1}.Debug|Any CPU.Build.0 = Debug|Any CPU
		{258921DE-2586-4E54-B545-D304615FB6B1}.Debug|ARM.ActiveCfg = Debug|Any CPU
		{258921DE-2586-4E54-B545-D304615FB6B1}.Debug|ARM.Build.0 = Debug|Any CPU
		{258921DE-2586-4E54-B545-D304615FB6B1}.Debug|ARM64.ActiveCfg = Debug|Any CPU
		{258921DE-2586-4E54-B545-D304615FB6B1}.Debug|ARM64.Build.0 = Debug|Any CPU
		{258921DE-2586-4E54-B545-D304615FB6B1}.Debug|x64.ActiveCfg = Debug|Any CPU
		{258921DE-2586-4E54-B545-D304615FB6B1}.Debug|x64.Build.0 = Debug|Any CPU
		{258921DE-2586-4E54-B545-D304615FB6B1}.Debug|x86.ActiveCfg = Debug|Any CPU
		{258921DE-2586-4E54-B545-D304615FB6B1}.Debug|x86.Build.0 = Debug|Any CPU
		{258921DE-2586-4E54-B545-D304615FB6B1}.Release|Any CPU.ActiveCfg = Release|Any CPU
		{258921DE-2586-4E54-B545-D304615FB6B1}.Release|Any CPU.Build.0 = Release|Any CPU
		{258921DE-2586-4E54-B545-D304615FB6B1}.Release|ARM.ActiveCfg = Release|Any CPU
		{258921DE-2586-4E54-B545-D304615FB6B1}.Release|ARM.Build.0 = Release|Any CPU
		{258921DE-2586-4E54-B545-D304615FB6B1}.Release|ARM64.ActiveCfg = Release|Any CPU
		{258921DE-2586-4E54-B545-D304615FB6B1}.Release|ARM64.Build.0 = Release|Any CPU
		{258921DE-2586-4E54-B545-D304615FB6B1}.Release|x64.ActiveCfg = Release|Any CPU
		{258921DE-2586-4E54-B545-D304615FB6B1}.Release|x64.Build.0 = Release|Any CPU
		{258921DE-2586-4E54-B545-D304615FB6B1}.Release|x86.ActiveCfg = Release|Any CPU
		{258921DE-2586-4E54-B545-D304615FB6B1}.Release|x86.Build.0 = Release|Any CPU
		{B8F310FA-B6CE-44ED-8BBC-77E94CE6FAE2}.Debug|Any CPU.ActiveCfg = Debug|x86
		{B8F310FA-B6CE-44ED-8BBC-77E94CE6FAE2}.Debug|ARM.ActiveCfg = Debug|x86
		{B8F310FA-B6CE-44ED-8BBC-77E94CE6FAE2}.Debug|ARM64.ActiveCfg = Debug|x86
		{B8F310FA-B6CE-44ED-8BBC-77E94CE6FAE2}.Debug|x64.ActiveCfg = Debug|x86
		{B8F310FA-B6CE-44ED-8BBC-77E94CE6FAE2}.Debug|x86.ActiveCfg = Debug|x86
		{B8F310FA-B6CE-44ED-8BBC-77E94CE6FAE2}.Debug|x86.Build.0 = Debug|x86
		{B8F310FA-B6CE-44ED-8BBC-77E94CE6FAE2}.Release|Any CPU.ActiveCfg = Release|x86
		{B8F310FA-B6CE-44ED-8BBC-77E94CE6FAE2}.Release|ARM.ActiveCfg = Release|x86
		{B8F310FA-B6CE-44ED-8BBC-77E94CE6FAE2}.Release|ARM64.ActiveCfg = Release|x86
		{B8F310FA-B6CE-44ED-8BBC-77E94CE6FAE2}.Release|x64.ActiveCfg = Release|x86
		{B8F310FA-B6CE-44ED-8BBC-77E94CE6FAE2}.Release|x86.ActiveCfg = Release|x86
		{B8F310FA-B6CE-44ED-8BBC-77E94CE6FAE2}.Release|x86.Build.0 = Release|x86
		{1D49648C-D4D4-4530-BFE7-72F782A311FA}.Debug|Any CPU.ActiveCfg = Debug|Win32
		{1D49648C-D4D4-4530-BFE7-72F782A311FA}.Debug|ARM.ActiveCfg = Debug|Win32
		{1D49648C-D4D4-4530-BFE7-72F782A311FA}.Debug|ARM64.ActiveCfg = Debug|Win32
		{1D49648C-D4D4-4530-BFE7-72F782A311FA}.Debug|x64.ActiveCfg = Debug|x64
		{1D49648C-D4D4-4530-BFE7-72F782A311FA}.Debug|x64.Build.0 = Debug|x64
		{1D49648C-D4D4-4530-BFE7-72F782A311FA}.Debug|x86.ActiveCfg = Debug|Win32
		{1D49648C-D4D4-4530-BFE7-72F782A311FA}.Debug|x86.Build.0 = Debug|Win32
		{1D49648C-D4D4-4530-BFE7-72F782A311FA}.Release|Any CPU.ActiveCfg = Release|Win32
		{1D49648C-D4D4-4530-BFE7-72F782A311FA}.Release|ARM.ActiveCfg = Release|Win32
		{1D49648C-D4D4-4530-BFE7-72F782A311FA}.Release|ARM64.ActiveCfg = Release|Win32
		{1D49648C-D4D4-4530-BFE7-72F782A311FA}.Release|x64.ActiveCfg = Release|x64
		{1D49648C-D4D4-4530-BFE7-72F782A311FA}.Release|x64.Build.0 = Release|x64
		{1D49648C-D4D4-4530-BFE7-72F782A311FA}.Release|x86.ActiveCfg = Release|Win32
		{1D49648C-D4D4-4530-BFE7-72F782A311FA}.Release|x86.Build.0 = Release|Win32
		{C4D1E557-7442-4E21-A463-EF6E375F31E8}.Debug|Any CPU.ActiveCfg = Debug|Any CPU
		{C4D1E557-7442-4E21-A463-EF6E375F31E8}.Debug|Any CPU.Build.0 = Debug|Any CPU
		{C4D1E557-7442-4E21-A463-EF6E375F31E8}.Debug|ARM.ActiveCfg = Debug|Any CPU
		{C4D1E557-7442-4E21-A463-EF6E375F31E8}.Debug|ARM.Build.0 = Debug|Any CPU
		{C4D1E557-7442-4E21-A463-EF6E375F31E8}.Debug|ARM64.ActiveCfg = Debug|Any CPU
		{C4D1E557-7442-4E21-A463-EF6E375F31E8}.Debug|ARM64.Build.0 = Debug|Any CPU
		{C4D1E557-7442-4E21-A463-EF6E375F31E8}.Debug|x64.ActiveCfg = Debug|Any CPU
		{C4D1E557-7442-4E21-A463-EF6E375F31E8}.Debug|x64.Build.0 = Debug|Any CPU
		{C4D1E557-7442-4E21-A463-EF6E375F31E8}.Debug|x86.ActiveCfg = Debug|Any CPU
		{C4D1E557-7442-4E21-A463-EF6E375F31E8}.Debug|x86.Build.0 = Debug|Any CPU
		{C4D1E557-7442-4E21-A463-EF6E375F31E8}.Release|Any CPU.ActiveCfg = Release|Any CPU
		{C4D1E557-7442-4E21-A463-EF6E375F31E8}.Release|Any CPU.Build.0 = Release|Any CPU
		{C4D1E557-7442-4E21-A463-EF6E375F31E8}.Release|ARM.ActiveCfg = Release|Any CPU
		{C4D1E557-7442-4E21-A463-EF6E375F31E8}.Release|ARM.Build.0 = Release|Any CPU
		{C4D1E557-7442-4E21-A463-EF6E375F31E8}.Release|ARM64.ActiveCfg = Release|Any CPU
		{C4D1E557-7442-4E21-A463-EF6E375F31E8}.Release|ARM64.Build.0 = Release|Any CPU
		{C4D1E557-7442-4E21-A463-EF6E375F31E8}.Release|x64.ActiveCfg = Release|Any CPU
		{C4D1E557-7442-4E21-A463-EF6E375F31E8}.Release|x64.Build.0 = Release|Any CPU
		{C4D1E557-7442-4E21-A463-EF6E375F31E8}.Release|x86.ActiveCfg = Release|Any CPU
		{C4D1E557-7442-4E21-A463-EF6E375F31E8}.Release|x86.Build.0 = Release|Any CPU
		{FCB5EADC-7070-4848-B617-212EDFE00CEC}.Debug|Any CPU.ActiveCfg = Debug|Any CPU
		{FCB5EADC-7070-4848-B617-212EDFE00CEC}.Debug|Any CPU.Build.0 = Debug|Any CPU
		{FCB5EADC-7070-4848-B617-212EDFE00CEC}.Debug|ARM.ActiveCfg = Debug|Any CPU
		{FCB5EADC-7070-4848-B617-212EDFE00CEC}.Debug|ARM.Build.0 = Debug|Any CPU
		{FCB5EADC-7070-4848-B617-212EDFE00CEC}.Debug|ARM64.ActiveCfg = Debug|Any CPU
		{FCB5EADC-7070-4848-B617-212EDFE00CEC}.Debug|ARM64.Build.0 = Debug|Any CPU
		{FCB5EADC-7070-4848-B617-212EDFE00CEC}.Debug|x64.ActiveCfg = Debug|Any CPU
		{FCB5EADC-7070-4848-B617-212EDFE00CEC}.Debug|x64.Build.0 = Debug|Any CPU
		{FCB5EADC-7070-4848-B617-212EDFE00CEC}.Debug|x86.ActiveCfg = Debug|Any CPU
		{FCB5EADC-7070-4848-B617-212EDFE00CEC}.Debug|x86.Build.0 = Debug|Any CPU
		{FCB5EADC-7070-4848-B617-212EDFE00CEC}.Release|Any CPU.ActiveCfg = Release|Any CPU
		{FCB5EADC-7070-4848-B617-212EDFE00CEC}.Release|Any CPU.Build.0 = Release|Any CPU
		{FCB5EADC-7070-4848-B617-212EDFE00CEC}.Release|ARM.ActiveCfg = Release|Any CPU
		{FCB5EADC-7070-4848-B617-212EDFE00CEC}.Release|ARM.Build.0 = Release|Any CPU
		{FCB5EADC-7070-4848-B617-212EDFE00CEC}.Release|ARM64.ActiveCfg = Release|Any CPU
		{FCB5EADC-7070-4848-B617-212EDFE00CEC}.Release|ARM64.Build.0 = Release|Any CPU
		{FCB5EADC-7070-4848-B617-212EDFE00CEC}.Release|x64.ActiveCfg = Release|Any CPU
		{FCB5EADC-7070-4848-B617-212EDFE00CEC}.Release|x64.Build.0 = Release|Any CPU
		{FCB5EADC-7070-4848-B617-212EDFE00CEC}.Release|x86.ActiveCfg = Release|Any CPU
		{FCB5EADC-7070-4848-B617-212EDFE00CEC}.Release|x86.Build.0 = Release|Any CPU
		{422771CE-F085-4B15-9CA2-FA3F1F727F2B}.Debug|Any CPU.ActiveCfg = Debug|Any CPU
		{422771CE-F085-4B15-9CA2-FA3F1F727F2B}.Debug|Any CPU.Build.0 = Debug|Any CPU
		{422771CE-F085-4B15-9CA2-FA3F1F727F2B}.Debug|ARM.ActiveCfg = Debug|Any CPU
		{422771CE-F085-4B15-9CA2-FA3F1F727F2B}.Debug|ARM.Build.0 = Debug|Any CPU
		{422771CE-F085-4B15-9CA2-FA3F1F727F2B}.Debug|ARM64.ActiveCfg = Debug|Any CPU
		{422771CE-F085-4B15-9CA2-FA3F1F727F2B}.Debug|ARM64.Build.0 = Debug|Any CPU
		{422771CE-F085-4B15-9CA2-FA3F1F727F2B}.Debug|x64.ActiveCfg = Debug|Any CPU
		{422771CE-F085-4B15-9CA2-FA3F1F727F2B}.Debug|x64.Build.0 = Debug|Any CPU
		{422771CE-F085-4B15-9CA2-FA3F1F727F2B}.Debug|x86.ActiveCfg = Debug|Any CPU
		{422771CE-F085-4B15-9CA2-FA3F1F727F2B}.Debug|x86.Build.0 = Debug|Any CPU
		{422771CE-F085-4B15-9CA2-FA3F1F727F2B}.Release|Any CPU.ActiveCfg = Release|Any CPU
		{422771CE-F085-4B15-9CA2-FA3F1F727F2B}.Release|Any CPU.Build.0 = Release|Any CPU
		{422771CE-F085-4B15-9CA2-FA3F1F727F2B}.Release|ARM.ActiveCfg = Release|Any CPU
		{422771CE-F085-4B15-9CA2-FA3F1F727F2B}.Release|ARM.Build.0 = Release|Any CPU
		{422771CE-F085-4B15-9CA2-FA3F1F727F2B}.Release|ARM64.ActiveCfg = Release|Any CPU
		{422771CE-F085-4B15-9CA2-FA3F1F727F2B}.Release|ARM64.Build.0 = Release|Any CPU
		{422771CE-F085-4B15-9CA2-FA3F1F727F2B}.Release|x64.ActiveCfg = Release|Any CPU
		{422771CE-F085-4B15-9CA2-FA3F1F727F2B}.Release|x64.Build.0 = Release|Any CPU
		{422771CE-F085-4B15-9CA2-FA3F1F727F2B}.Release|x86.ActiveCfg = Release|Any CPU
		{422771CE-F085-4B15-9CA2-FA3F1F727F2B}.Release|x86.Build.0 = Release|Any CPU
		{E1BD12FB-7889-4BDA-8009-5F4C2DF48CE1}.Debug|Any CPU.ActiveCfg = Debug|Any CPU
		{E1BD12FB-7889-4BDA-8009-5F4C2DF48CE1}.Debug|Any CPU.Build.0 = Debug|Any CPU
		{E1BD12FB-7889-4BDA-8009-5F4C2DF48CE1}.Debug|ARM.ActiveCfg = Debug|Any CPU
		{E1BD12FB-7889-4BDA-8009-5F4C2DF48CE1}.Debug|ARM.Build.0 = Debug|Any CPU
		{E1BD12FB-7889-4BDA-8009-5F4C2DF48CE1}.Debug|ARM64.ActiveCfg = Debug|Any CPU
		{E1BD12FB-7889-4BDA-8009-5F4C2DF48CE1}.Debug|ARM64.Build.0 = Debug|Any CPU
		{E1BD12FB-7889-4BDA-8009-5F4C2DF48CE1}.Debug|x64.ActiveCfg = Debug|Any CPU
		{E1BD12FB-7889-4BDA-8009-5F4C2DF48CE1}.Debug|x64.Build.0 = Debug|Any CPU
		{E1BD12FB-7889-4BDA-8009-5F4C2DF48CE1}.Debug|x86.ActiveCfg = Debug|Any CPU
		{E1BD12FB-7889-4BDA-8009-5F4C2DF48CE1}.Debug|x86.Build.0 = Debug|Any CPU
		{E1BD12FB-7889-4BDA-8009-5F4C2DF48CE1}.Release|Any CPU.ActiveCfg = Release|Any CPU
		{E1BD12FB-7889-4BDA-8009-5F4C2DF48CE1}.Release|Any CPU.Build.0 = Release|Any CPU
		{E1BD12FB-7889-4BDA-8009-5F4C2DF48CE1}.Release|ARM.ActiveCfg = Release|Any CPU
		{E1BD12FB-7889-4BDA-8009-5F4C2DF48CE1}.Release|ARM.Build.0 = Release|Any CPU
		{E1BD12FB-7889-4BDA-8009-5F4C2DF48CE1}.Release|ARM64.ActiveCfg = Release|Any CPU
		{E1BD12FB-7889-4BDA-8009-5F4C2DF48CE1}.Release|ARM64.Build.0 = Release|Any CPU
		{E1BD12FB-7889-4BDA-8009-5F4C2DF48CE1}.Release|x64.ActiveCfg = Release|Any CPU
		{E1BD12FB-7889-4BDA-8009-5F4C2DF48CE1}.Release|x64.Build.0 = Release|Any CPU
		{E1BD12FB-7889-4BDA-8009-5F4C2DF48CE1}.Release|x86.ActiveCfg = Release|Any CPU
		{E1BD12FB-7889-4BDA-8009-5F4C2DF48CE1}.Release|x86.Build.0 = Release|Any CPU
	EndGlobalSection
	GlobalSection(SolutionProperties) = preSolution
		HideSolutionNode = FALSE
	EndGlobalSection
	GlobalSection(NestedProjects) = preSolution
		{8926F141-7E2A-4215-946F-8B8655D7CB54} = {41008806-6824-4F4D-B17E-8C3B06B25520}
		{81E16113-C938-43D5-BEC4-8C7EA0A11D7F} = {41008806-6824-4F4D-B17E-8C3B06B25520}
		{E6CFAB17-C295-4342-9B00-1263A2C45361} = {41008806-6824-4F4D-B17E-8C3B06B25520}
		{7B0AC178-3FE5-495B-A9F8-14A466D10019} = {95C56067-7335-429A-9757-F17802EA349F}
		{123F4B59-13D5-4FA1-B42D-C17506C2CA4A} = {95C56067-7335-429A-9757-F17802EA349F}
		{32BC4D58-7FC1-4860-ADEC-FD0EF789C765} = {95C56067-7335-429A-9757-F17802EA349F}
		{FD7C2BB5-39DB-4CDE-BE1F-CFF3BDAB540A} = {95C56067-7335-429A-9757-F17802EA349F}
		{B078111B-08D1-43A3-A5EB-50F60CC9DFE9} = {95C56067-7335-429A-9757-F17802EA349F}
		{817AB2D1-B6CB-4C95-AFF0-028B1A2D6909} = {B078111B-08D1-43A3-A5EB-50F60CC9DFE9}
		{FE86F198-AC3F-4EE1-BF13-28F3DA31CC5D} = {B078111B-08D1-43A3-A5EB-50F60CC9DFE9}
		{F19F215A-2BCC-4406-BC56-FF448126E14D} = {B078111B-08D1-43A3-A5EB-50F60CC9DFE9}
		{A00480B4-DDDA-4790-8F7D-C9840E8F53C2} = {B078111B-08D1-43A3-A5EB-50F60CC9DFE9}
		{341F2323-94D8-4205-9AC1-E7DAC50004A7} = {95C56067-7335-429A-9757-F17802EA349F}
		{9AE95BE1-2BCC-444E-9ADC-C7AC9D653A25} = {95C56067-7335-429A-9757-F17802EA349F}
		{411CEB05-2C2B-41EF-A322-AACD8084EF19} = {95C56067-7335-429A-9757-F17802EA349F}
		{CB34B771-A24C-4CD8-943C-1331BB3654E7} = {95C56067-7335-429A-9757-F17802EA349F}
		{C4D1E557-7442-4E21-A463-EF6E375F31E8} = {95C56067-7335-429A-9757-F17802EA349F}
		{FCB5EADC-7070-4848-B617-212EDFE00CEC} = {95C56067-7335-429A-9757-F17802EA349F}
	EndGlobalSection
	GlobalSection(ExtensibilityGlobals) = postSolution
		SolutionGuid = {76FC7083-A7B0-4891-A218-1F9B96DC0B21}
	EndGlobalSection
EndGlobal
